<Solution>
  <Folder Name="/samples/" />
  <Folder Name="/samples/02-architecture-styles/" />
  <Folder Name="/samples/02-architecture-styles/hexagonal/">
    <Project Path="samples/02-architecture-styles/hexagonal/Samples.Architecture.Hexagonal.csproj" />
    <Project Path="samples/02-architecture-styles/hexagonal/Samples.Architecture.Hexagonal.Violations.csproj" />
  </Folder>
</Solution>
