
Microsoft Visual Studio Solution File, Format Version 12.00
# Visual Studio Version 17
VisualStudioVersion = 17.0.31903.59
MinimumVisualStudioVersion = 10.0.40219.1
Project("{2150E333-8FDC-42A3-9474-1A3956D46DE8}") = "samples", "samples", "{5D20AA90-6969-D8BD-9DCD-8634F4692FDA}"
EndProject
Project("{2150E333-8FDC-42A3-9474-1A3956D46DE8}") = "01-ddd-core", "01-ddd-core", "{B3692EAE-E7F1-F3ED-0681-0942E8AC56AB}"
EndProject
Project("{FAE04EC0-301F-11D3-BF4B-00C04F79EFBC}") = "Samples.Block01.DddCore", "samples\01-ddd-core\Samples.Block01.DddCore.csproj", "{B24FEB18-8670-4C61-9498-6647984CFCC1}"
EndProject
Project("{FAE04EC0-301F-11D3-BF4B-00C04F79EFBC}") = "nMolecules.DDD", "..\nmolecules\src\nMolecules.DDD\nMolecules.DDD.csproj", "{DA532BBF-DB78-4D6A-93B6-E4E72F20E436}"
EndProject
Project("{2150E333-8FDC-42A3-9474-1A3956D46DE8}") = "02-architecture-styles", "02-architecture-styles", "{5B23A82A-F846-6E2A-8C37-EFDF6B4F759C}"
EndProject
Project("{2150E333-8FDC-42A3-9474-1A3956D46DE8}") = "cqrs", "cqrs", "{5D5985E9-A08A-1817-C6A3-FDC42FD1B1DB}"
EndProject
Project("{FAE04EC0-301F-11D3-BF4B-00C04F79EFBC}") = "Samples.Architecture.Cqrs", "samples\02-architecture-styles\cqrs\Samples.Architecture.Cqrs.csproj", "{6D9E1BE7-B9E3-482A-ACFC-02E8F7F80F50}"
EndProject
Project("{FAE04EC0-301F-11D3-BF4B-00C04F79EFBC}") = "nMolecules.Architecture", "..\nmolecules\src\nMolecules.Architecture\nMolecules.Architecture.csproj", "{4CACD34E-8DB8-4F34-9134-070288FF3249}"
EndProject
Project("{2150E333-8FDC-42A3-9474-1A3956D46DE8}") = "event-storming", "event-storming", "{566E7418-EA21-8A5A-CFE4-60A3623C7BE3}"
EndProject
Project("{FAE04EC0-301F-11D3-BF4B-00C04F79EFBC}") = "Samples.Architecture.EventStorming", "samples\02-architecture-styles\event-storming\Samples.Architecture.EventStorming.csproj", "{BC4C45C4-D3B4-4E0D-9DB2-B04E303090F9}"
EndProject
Project("{2150E333-8FDC-42A3-9474-1A3956D46DE8}") = "hexagonal", "hexagonal", "{DDB3F52E-15FB-70BC-3429-3F905C64A208}"
EndProject
Project("{FAE04EC0-301F-11D3-BF4B-00C04F79EFBC}") = "Samples.Architecture.Hexagonal", "samples\02-architecture-styles\hexagonal\Samples.Architecture.Hexagonal.csproj", "{B03A9B22-4A8C-446D-BDA6-7DF9B4A7EFE0}"
EndProject
Project("{2150E333-8FDC-42A3-9474-1A3956D46DE8}") = "layered", "layered", "{13D0FA53-4251-E4FF-1EF4-05FAC39CCF7C}"
EndProject
Project("{FAE04EC0-301F-11D3-BF4B-00C04F79EFBC}") = "Samples.Architecture.Layered", "samples\02-architecture-styles\layered\Samples.Architecture.Layered.csproj", "{8EFD9F63-4A9C-4AAA-9B30-4BDE7617BBA0}"
EndProject
Project("{2150E333-8FDC-42A3-9474-1A3956D46DE8}") = "microservices", "microservices", "{94E9CD7F-33A0-4B79-816B-87CFE6A2F286}"
EndProject
Project("{FAE04EC0-301F-11D3-BF4B-00C04F79EFBC}") = "Samples.Architecture.Microservices", "samples\02-architecture-styles\microservices\Samples.Architecture.Microservices.csproj", "{E9E27A85-B939-4451-B34B-7128DD4A9614}"
EndProject
Project("{2150E333-8FDC-42A3-9474-1A3956D46DE8}") = "mvvm", "mvvm", "{7A97030B-9DB8-DC84-187E-DAEFC29063EA}"
EndProject
Project("{FAE04EC0-301F-11D3-BF4B-00C04F79EFBC}") = "Samples.Architecture.Mvvm", "samples\02-architecture-styles\mvvm\Samples.Architecture.Mvvm.csproj", "{2483FB86-F534-4D0A-A5C2-8AA494357BE6}"
EndProject
Project("{2150E333-8FDC-42A3-9474-1A3956D46DE8}") = "onion-classic", "onion-classic", "{B90531A5-4112-6FC0-071C-BF564230631F}"
EndProject
Project("{FAE04EC0-301F-11D3-BF4B-00C04F79EFBC}") = "Samples.Architecture.OnionClassic", "samples\02-architecture-styles\onion-classic\Samples.Architecture.OnionClassic.csproj", "{69765F11-A54E-4902-B85A-C9A9EB749AB4}"
EndProject
Project("{2150E333-8FDC-42A3-9474-1A3956D46DE8}") = "onion-simplified", "onion-simplified", "{B739A8CF-14C7-55F0-E86D-50F8A8094C76}"
EndProject
Project("{FAE04EC0-301F-11D3-BF4B-00C04F79EFBC}") = "Samples.Architecture.OnionSimplified", "samples\02-architecture-styles\onion-simplified\Samples.Architecture.OnionSimplified.csproj", "{E5B28CFB-F6A5-43CD-8CBC-6D859B145C40}"
EndProject
Project("{2150E333-8FDC-42A3-9474-1A3956D46DE8}") = "03-events", "03-events", "{36AC66E5-DE3D-F513-7ECA-489A63869F1A}"
EndProject
Project("{FAE04EC0-301F-11D3-BF4B-00C04F79EFBC}") = "Samples.Block03.Events", "samples\03-events\Samples.Block03.Events.csproj", "{F6D8D40C-5681-4F33-BD82-3A0D24852CA2}"
EndProject
Project("{FAE04EC0-301F-11D3-BF4B-00C04F79EFBC}") = "nMolecules.Events", "..\nmolecules\src\nMolecules.Events\nMolecules.Events.csproj", "{8C8201F8-8924-4D23-8FF9-8A31B86C6865}"
EndProject
Project("{2150E333-8FDC-42A3-9474-1A3956D46DE8}") = "04-bricks", "04-bricks", "{DEF2F7B7-444B-21C9-19C8-EF8B9D4FE417}"
EndProject
Project("{FAE04EC0-301F-11D3-BF4B-00C04F79EFBC}") = "Samples.Block04.Bricks", "samples\04-bricks\Samples.Block04.Bricks.csproj", "{CE899410-2179-4945-8F7B-1A526417D6B9}"
EndProject
Project("{FAE04EC0-301F-11D3-BF4B-00C04F79EFBC}") = "nMolecules.Bricks", "..\nmolecules\src\nMolecules.Bricks\nMolecules.Bricks.csproj", "{7324632B-AFB2-4ACA-A606-B761AA37DF40}"
EndProject
Project("{2150E333-8FDC-42A3-9474-1A3956D46DE8}") = "05-entity-framework", "05-entity-framework", "{46B3C061-D0D2-005B-2DF6-4DC1C89F25F8}"
EndProject
Project("{FAE04EC0-301F-11D3-BF4B-00C04F79EFBC}") = "Samples.Block05.EntityFramework", "samples\05-entity-framework\Samples.Block05.EntityFramework.csproj", "{96098B8B-4044-41EB-BA96-4DA11ECC447B}"
EndProject
Project("{FAE04EC0-301F-11D3-BF4B-00C04F79EFBC}") = "nMolecules.Persistence.EntityFramework", "..\nmolecules\src\nMolecules.Persistence.EntityFramework\nMolecules.Persistence.EntityFramework.csproj", "{1F079639-0C19-4D1E-9079-6A72A05979CD}"
EndProject
Project("{2150E333-8FDC-42A3-9474-1A3956D46DE8}") = "06-analyzer-workbench", "06-analyzer-workbench", "{D7C758BD-2CCD-9BA1-5798-1E85AA6117DD}"
EndProject
Project("{FAE04EC0-301F-11D3-BF4B-00C04F79EFBC}") = "Samples.Block06.AnalyzerWorkbench", "samples\06-analyzer-workbench\Samples.Block06.AnalyzerWorkbench.csproj", "{20E33352-D837-4790-BF0E-72C4F3C23A79}"
EndProject
Project("{FAE04EC0-301F-11D3-BF4B-00C04F79EFBC}") = "nMolecules.Analyzers", "..\nmolecules-integrations\nmolecules-roslyn\src\nMolecules.Analyzers\nMolecules.Analyzers\nMolecules.Analyzers.csproj", "{05341265-A62A-4E2B-B6D0-6F32F4AD8027}"
EndProject
Project("{2150E333-8FDC-42A3-9474-1A3956D46DE8}") = "07-ddd-from-pdfs", "07-ddd-from-pdfs", "{1C94D553-E324-235F-4007-A0443394E0CD}"
EndProject
Project("{FAE04EC0-301F-11D3-BF4B-00C04F79EFBC}") = "Samples.Block07.DddFromPdfs", "samples\07-ddd-from-pdfs\Samples.Block07.DddFromPdfs.csproj", "{37BB7034-70BF-4D8C-8C93-801F07EAC39F}"
EndProject
Project("{FAE04EC0-301F-11D3-BF4B-00C04F79EFBC}") = "Samples.Block01.DddCore.Violations", "samples\01-ddd-core\Samples.Block01.DddCore.Violations.csproj", "{D885E8B1-8003-4727-AA2D-AE4FA9B2F6C4}"
EndProject
Project("{FAE04EC0-301F-11D3-BF4B-00C04F79EFBC}") = "nMolecules.Architecture.Layered", "..\nmolecules\src\nMolecules.Architecture.Layered\nMolecules.Architecture.Layered.csproj", "{F80F2D1B-106B-4FCB-A2C2-25CAD91FBEF6}"
EndProject
Project("{FAE04EC0-301F-11D3-BF4B-00C04F79EFBC}") = "Samples.Block01.DddCore.BoundedContextConsistency", "samples\01-ddd-core\Samples.Block01.DddCore.BoundedContextConsistency.csproj", "{575D4AF6-675F-4ED7-AD67-FAEE476B43F9}"
EndProject
Project("{FAE04EC0-301F-11D3-BF4B-00C04F79EFBC}") = "Samples.Block01.DddCore.BoundedContextDependencies", "samples\01-ddd-core\Samples.Block01.DddCore.BoundedContextDependencies.csproj", "{74D685BA-21F6-464B-98FB-65C2ABE92027}"
EndProject
Project("{FAE04EC0-301F-11D3-BF4B-00C04F79EFBC}") = "Samples.Block01.DddCore.BoundedContextMissing", "samples\01-ddd-core\Samples.Block01.DddCore.BoundedContextMissing.csproj", "{95384974-665C-422D-9BFB-9A2B1552F97D}"
EndProject
Project("{FAE04EC0-301F-11D3-BF4B-00C04F79EFBC}") = "Samples.Block01.DddCore.BoundedContextNamesAndOwnership", "samples\01-ddd-core\Samples.Block01.DddCore.BoundedContextNamesAndOwnership.csproj", "{5D8302D5-1899-4CF7-9F57-246779BE16A9}"
EndProject
Project("{FAE04EC0-301F-11D3-BF4B-00C04F79EFBC}") = "Samples.Block01.DddCore.ModuleConsistency", "samples\01-ddd-core\Samples.Block01.DddCore.ModuleConsistency.csproj", "{6330D3E6-A75E-4CDF-AC75-CAF2FA495E13}"
EndProject
Project("{FAE04EC0-301F-11D3-BF4B-00C04F79EFBC}") = "Samples.Block01.DddCore.ModuleMissing", "samples\01-ddd-core\Samples.Block01.DddCore.ModuleMissing.csproj", "{5FCAE282-2B38-4D01-A88E-28F0EE83EA63}"
EndProject
Project("{FAE04EC0-301F-11D3-BF4B-00C04F79EFBC}") = "Samples.Block01.DddCore.ModuleNameMap", "samples\01-ddd-core\Samples.Block01.DddCore.ModuleNameMap.csproj", "{4CF36591-5151-4FEB-8D66-8100B6D90550}"
EndProject
Project("{FAE04EC0-301F-11D3-BF4B-00C04F79EFBC}") = "Samples.Block01.DddCore.ModuleUnknownContext", "samples\01-ddd-core\Samples.Block01.DddCore.ModuleUnknownContext.csproj", "{A7458838-55B6-4675-8D0E-1047085321AE}"
EndProject
Project("{FAE04EC0-301F-11D3-BF4B-00C04F79EFBC}") = "Samples.Architecture.Cqrs.Violations", "samples\02-architecture-styles\cqrs\Samples.Architecture.Cqrs.Violations.csproj", "{ADE3171B-7ED1-4D8B-BC0E-84150BE9EFEC}"
EndProject
Project("{FAE04EC0-301F-11D3-BF4B-00C04F79EFBC}") = "nMolecules.Architecture.Cqrs", "..\nmolecules\src\nMolecules.Architecture.Cqrs\nMolecules.Architecture.Cqrs.csproj", "{CADEDEA3-CA6A-4537-AFEE-AB37B0A54AFB}"
EndProject
Project("{FAE04EC0-301F-11D3-BF4B-00C04F79EFBC}") = "nMolecules.Architecture.Hexagonal", "..\nmolecules\src\nMolecules.Architecture.Hexagonal\nMolecules.Architecture.Hexagonal.csproj", "{37CDAE39-431D-4CC1-9DCC-68A626DA22A4}"
EndProject
Project("{FAE04EC0-301F-11D3-BF4B-00C04F79EFBC}") = "Samples.Architecture.EventStorming.Violations", "samples\02-architecture-styles\event-storming\Samples.Architecture.EventStorming.Violations.csproj", "{2B8680A6-85EA-46E2-A25E-0E2727E1075B}"
EndProject
Project("{FAE04EC0-301F-11D3-BF4B-00C04F79EFBC}") = "nMolecules.Architecture.EventStorming", "..\nmolecules\src\nMolecules.Architecture.EventStorming\nMolecules.Architecture.EventStorming.csproj", "{29AF964E-EBD7-486B-9A95-858D6B2BE7A8}"
EndProject
Project("{FAE04EC0-301F-11D3-BF4B-00C04F79EFBC}") = "Samples.Architecture.Hexagonal.Violations", "samples\02-architecture-styles\hexagonal\Samples.Architecture.Hexagonal.Violations.csproj", "{188494D3-CF5D-4C1F-A516-79AEDD44D45D}"
EndProject
Project("{FAE04EC0-301F-11D3-BF4B-00C04F79EFBC}") = "Samples.Architecture.Layered.Violations", "samples\02-architecture-styles\layered\Samples.Architecture.Layered.Violations.csproj", "{565AD5E1-F4A2-4352-AEBC-E5DE019D8958}"
EndProject
Project("{FAE04EC0-301F-11D3-BF4B-00C04F79EFBC}") = "Samples.Architecture.Layered.CrossStyle", "samples\02-architecture-styles\layered\Samples.Architecture.Layered.CrossStyle.csproj", "{54921D6E-EC88-4421-A0B7-51BFBA948DCF}"
EndProject
Project("{FAE04EC0-301F-11D3-BF4B-00C04F79EFBC}") = "nMolecules.Architecture.Onion", "..\nmolecules\src\nMolecules.Architecture.Onion\nMolecules.Architecture.Onion.csproj", "{ACCB8E79-F070-4602-A955-74F950F16B75}"
EndProject
Project("{FAE04EC0-301F-11D3-BF4B-00C04F79EFBC}") = "Samples.Architecture.Microservices.Violations", "samples\02-architecture-styles\microservices\Samples.Architecture.Microservices.Violations.csproj", "{EEF1E28A-9486-4910-A2DE-311CBAD022EA}"
EndProject
Project("{FAE04EC0-301F-11D3-BF4B-00C04F79EFBC}") = "nMolecules.Architecture.Microservices", "..\nmolecules\src\nMolecules.Architecture.Microservices\nMolecules.Architecture.Microservices.csproj", "{76140186-2F6F-4A70-9F04-551FF34DF4F9}"
EndProject
Project("{FAE04EC0-301F-11D3-BF4B-00C04F79EFBC}") = "Samples.Architecture.OnionClassic.Violations", "samples\02-architecture-styles\onion-classic\Samples.Architecture.OnionClassic.Violations.csproj", "{A5485C5C-E2EF-4DF6-8224-6C46DCE42009}"
EndProject
Project("{FAE04EC0-301F-11D3-BF4B-00C04F79EFBC}") = "Samples.Architecture.OnionSimplified.Violations", "samples\02-architecture-styles\onion-simplified\Samples.Architecture.OnionSimplified.Violations.csproj", "{2F4CD6F1-110C-4523-876F-6DF61A80E48E}"
EndProject
Project("{FAE04EC0-301F-11D3-BF4B-00C04F79EFBC}") = "Samples.Architecture.OnionSimplified.CrossStyle", "samples\02-architecture-styles\onion-simplified\Samples.Architecture.OnionSimplified.CrossStyle.csproj", "{436C1345-4627-42AA-88FB-0D676FD3DAC8}"
EndProject
Project("{FAE04EC0-301F-11D3-BF4B-00C04F79EFBC}") = "Samples.Block03.Events.Violations", "samples\03-events\Samples.Block03.Events.Violations.csproj", "{62AAA98C-C39D-457D-ACC5-504EE43CE2C7}"
EndProject
Project("{FAE04EC0-301F-11D3-BF4B-00C04F79EFBC}") = "Samples.Block04.Bricks.Violations", "samples\04-bricks\Samples.Block04.Bricks.Violations.csproj", "{00E5610B-A92A-4302-B849-A7ED630D0620}"
EndProject
Global
	GlobalSection(SolutionConfigurationPlatforms) = preSolution
		Debug|Any CPU = Debug|Any CPU
		Debug|x64 = Debug|x64
		Debug|x86 = Debug|x86
		Release|Any CPU = Release|Any CPU
		Release|x64 = Release|x64
		Release|x86 = Release|x86
	EndGlobalSection
	GlobalSection(ProjectConfigurationPlatforms) = postSolution
		{B24FEB18-8670-4C61-9498-6647984CFCC1}.Debug|Any CPU.ActiveCfg = Debug|Any CPU
		{B24FEB18-8670-4C61-9498-6647984CFCC1}.Debug|Any CPU.Build.0 = Debug|Any CPU
		{B24FEB18-8670-4C61-9498-6647984CFCC1}.Debug|x64.ActiveCfg = Debug|Any CPU
		{B24FEB18-8670-4C61-9498-6647984CFCC1}.Debug|x64.Build.0 = Debug|Any CPU
		{B24FEB18-8670-4C61-9498-6647984CFCC1}.Debug|x86.ActiveCfg = Debug|Any CPU
		{B24FEB18-8670-4C61-9498-6647984CFCC1}.Debug|x86.Build.0 = Debug|Any CPU
		{B24FEB18-8670-4C61-9498-6647984CFCC1}.Release|Any CPU.ActiveCfg = Release|Any CPU
		{B24FEB18-8670-4C61-9498-6647984CFCC1}.Release|Any CPU.Build.0 = Release|Any CPU
		{B24FEB18-8670-4C61-9498-6647984CFCC1}.Release|x64.ActiveCfg = Release|Any CPU
		{B24FEB18-8670-4C61-9498-6647984CFCC1}.Release|x64.Build.0 = Release|Any CPU
		{B24FEB18-8670-4C61-9498-6647984CFCC1}.Release|x86.ActiveCfg = Release|Any CPU
		{B24FEB18-8670-4C61-9498-6647984CFCC1}.Release|x86.Build.0 = Release|Any CPU
		{DA532BBF-DB78-4D6A-93B6-E4E72F20E436}.Debug|Any CPU.ActiveCfg = Debug|Any CPU
		{DA532BBF-DB78-4D6A-93B6-E4E72F20E436}.Debug|Any CPU.Build.0 = Debug|Any CPU
		{DA532BBF-DB78-4D6A-93B6-E4E72F20E436}.Debug|x64.ActiveCfg = Debug|Any CPU
		{DA532BBF-DB78-4D6A-93B6-E4E72F20E436}.Debug|x64.Build.0 = Debug|Any CPU
		{DA532BBF-DB78-4D6A-93B6-E4E72F20E436}.Debug|x86.ActiveCfg = Debug|Any CPU
		{DA532BBF-DB78-4D6A-93B6-E4E72F20E436}.Debug|x86.Build.0 = Debug|Any CPU
		{DA532BBF-DB78-4D6A-93B6-E4E72F20E436}.Release|Any CPU.ActiveCfg = Release|Any CPU
		{DA532BBF-DB78-4D6A-93B6-E4E72F20E436}.Release|Any CPU.Build.0 = Release|Any CPU
		{DA532BBF-DB78-4D6A-93B6-E4E72F20E436}.Release|x64.ActiveCfg = Release|Any CPU
		{DA532BBF-DB78-4D6A-93B6-E4E72F20E436}.Release|x64.Build.0 = Release|Any CPU
		{DA532BBF-DB78-4D6A-93B6-E4E72F20E436}.Release|x86.ActiveCfg = Release|Any CPU
		{DA532BBF-DB78-4D6A-93B6-E4E72F20E436}.Release|x86.Build.0 = Release|Any CPU
		{6D9E1BE7-B9E3-482A-ACFC-02E8F7F80F50}.Debug|Any CPU.ActiveCfg = Debug|Any CPU
		{6D9E1BE7-B9E3-482A-ACFC-02E8F7F80F50}.Debug|Any CPU.Build.0 = Debug|Any CPU
		{6D9E1BE7-B9E3-482A-ACFC-02E8F7F80F50}.Debug|x64.ActiveCfg = Debug|Any CPU
		{6D9E1BE7-B9E3-482A-ACFC-02E8F7F80F50}.Debug|x64.Build.0 = Debug|Any CPU
		{6D9E1BE7-B9E3-482A-ACFC-02E8F7F80F50}.Debug|x86.ActiveCfg = Debug|Any CPU
		{6D9E1BE7-B9E3-482A-ACFC-02E8F7F80F50}.Debug|x86.Build.0 = Debug|Any CPU
		{6D9E1BE7-B9E3-482A-ACFC-02E8F7F80F50}.Release|Any CPU.ActiveCfg = Release|Any CPU
		{6D9E1BE7-B9E3-482A-ACFC-02E8F7F80F50}.Release|Any CPU.Build.0 = Release|Any CPU
		{6D9E1BE7-B9E3-482A-ACFC-02E8F7F80F50}.Release|x64.ActiveCfg = Release|Any CPU
		{6D9E1BE7-B9E3-482A-ACFC-02E8F7F80F50}.Release|x64.Build.0 = Release|Any CPU
		{6D9E1BE7-B9E3-482A-ACFC-02E8F7F80F50}.Release|x86.ActiveCfg = Release|Any CPU
		{6D9E1BE7-B9E3-482A-ACFC-02E8F7F80F50}.Release|x86.Build.0 = Release|Any CPU
		{4CACD34E-8DB8-4F34-9134-070288FF3249}.Debug|Any CPU.ActiveCfg = Debug|Any CPU
		{4CACD34E-8DB8-4F34-9134-070288FF3249}.Debug|Any CPU.Build.0 = Debug|Any CPU
		{4CACD34E-8DB8-4F34-9134-070288FF3249}.Debug|x64.ActiveCfg = Debug|Any CPU
		{4CACD34E-8DB8-4F34-9134-070288FF3249}.Debug|x64.Build.0 = Debug|Any CPU
		{4CACD34E-8DB8-4F34-9134-070288FF3249}.Debug|x86.ActiveCfg = Debug|Any CPU
		{4CACD34E-8DB8-4F34-9134-070288FF3249}.Debug|x86.Build.0 = Debug|Any CPU
		{4CACD34E-8DB8-4F34-9134-070288FF3249}.Release|Any CPU.ActiveCfg = Release|Any CPU
		{4CACD34E-8DB8-4F34-9134-070288FF3249}.Release|Any CPU.Build.0 = Release|Any CPU
		{4CACD34E-8DB8-4F34-9134-070288FF3249}.Release|x64.ActiveCfg = Release|Any CPU
		{4CACD34E-8DB8-4F34-9134-070288FF3249}.Release|x64.Build.0 = Release|Any CPU
		{4CACD34E-8DB8-4F34-9134-070288FF3249}.Release|x86.ActiveCfg = Release|Any CPU
		{4CACD34E-8DB8-4F34-9134-070288FF3249}.Release|x86.Build.0 = Release|Any CPU
		{BC4C45C4-D3B4-4E0D-9DB2-B04E303090F9}.Debug|Any CPU.ActiveCfg = Debug|Any CPU
		{BC4C45C4-D3B4-4E0D-9DB2-B04E303090F9}.Debug|Any CPU.Build.0 = Debug|Any CPU
		{BC4C45C4-D3B4-4E0D-9DB2-B04E303090F9}.Debug|x64.ActiveCfg = Debug|Any CPU
		{BC4C45C4-D3B4-4E0D-9DB2-B04E303090F9}.Debug|x64.Build.0 = Debug|Any CPU
		{BC4C45C4-D3B4-4E0D-9DB2-B04E303090F9}.Debug|x86.ActiveCfg = Debug|Any CPU
		{BC4C45C4-D3B4-4E0D-9DB2-B04E303090F9}.Debug|x86.Build.0 = Debug|Any CPU
		{BC4C45C4-D3B4-4E0D-9DB2-B04E303090F9}.Release|Any CPU.ActiveCfg = Release|Any CPU
		{BC4C45C4-D3B4-4E0D-9DB2-B04E303090F9}.Release|Any CPU.Build.0 = Release|Any CPU
		{BC4C45C4-D3B4-4E0D-9DB2-B04E303090F9}.Release|x64.ActiveCfg = Release|Any CPU
		{BC4C45C4-D3B4-4E0D-9DB2-B04E303090F9}.Release|x64.Build.0 = Release|Any CPU
		{BC4C45C4-D3B4-4E0D-9DB2-B04E303090F9}.Release|x86.ActiveCfg = Release|Any CPU
		{BC4C45C4-D3B4-4E0D-9DB2-B04E303090F9}.Release|x86.Build.0 = Release|Any CPU
		{B03A9B22-4A8C-446D-BDA6-7DF9B4A7EFE0}.Debug|Any CPU.ActiveCfg = Debug|Any CPU
		{B03A9B22-4A8C-446D-BDA6-7DF9B4A7EFE0}.Debug|Any CPU.Build.0 = Debug|Any CPU
		{B03A9B22-4A8C-446D-BDA6-7DF9B4A7EFE0}.Debug|x64.ActiveCfg = Debug|Any CPU
		{B03A9B22-4A8C-446D-BDA6-7DF9B4A7EFE0}.Debug|x64.Build.0 = Debug|Any CPU
		{B03A9B22-4A8C-446D-BDA6-7DF9B4A7EFE0}.Debug|x86.ActiveCfg = Debug|Any CPU
		{B03A9B22-4A8C-446D-BDA6-7DF9B4A7EFE0}.Debug|x86.Build.0 = Debug|Any CPU
		{B03A9B22-4A8C-446D-BDA6-7DF9B4A7EFE0}.Release|Any CPU.ActiveCfg = Release|Any CPU
		{B03A9B22-4A8C-446D-BDA6-7DF9B4A7EFE0}.Release|Any CPU.Build.0 = Release|Any CPU
		{B03A9B22-4A8C-446D-BDA6-7DF9B4A7EFE0}.Release|x64.ActiveCfg = Release|Any CPU
		{B03A9B22-4A8C-446D-BDA6-7DF9B4A7EFE0}.Release|x64.Build.0 = Release|Any CPU
		{B03A9B22-4A8C-446D-BDA6-7DF9B4A7EFE0}.Release|x86.ActiveCfg = Release|Any CPU
		{B03A9B22-4A8C-446D-BDA6-7DF9B4A7EFE0}.Release|x86.Build.0 = Release|Any CPU
		{8EFD9F63-4A9C-4AAA-9B30-4BDE7617BBA0}.Debug|Any CPU.ActiveCfg = Debug|Any CPU
		{8EFD9F63-4A9C-4AAA-9B30-4BDE7617BBA0}.Debug|Any CPU.Build.0 = Debug|Any CPU
		{8EFD9F63-4A9C-4AAA-9B30-4BDE7617BBA0}.Debug|x64.ActiveCfg = Debug|Any CPU
		{8EFD9F63-4A9C-4AAA-9B30-4BDE7617BBA0}.Debug|x64.Build.0 = Debug|Any CPU
		{8EFD9F63-4A9C-4AAA-9B30-4BDE7617BBA0}.Debug|x86.ActiveCfg = Debug|Any CPU
		{8EFD9F63-4A9C-4AAA-9B30-4BDE7617BBA0}.Debug|x86.Build.0 = Debug|Any CPU
		{8EFD9F63-4A9C-4AAA-9B30-4BDE7617BBA0}.Release|Any CPU.ActiveCfg = Release|Any CPU
		{8EFD9F63-4A9C-4AAA-9B30-4BDE7617BBA0}.Release|Any CPU.Build.0 = Release|Any CPU
		{8EFD9F63-4A9C-4AAA-9B30-4BDE7617BBA0}.Release|x64.ActiveCfg = Release|Any CPU
		{8EFD9F63-4A9C-4AAA-9B30-4BDE7617BBA0}.Release|x64.Build.0 = Release|Any CPU
		{8EFD9F63-4A9C-4AAA-9B30-4BDE7617BBA0}.Release|x86.ActiveCfg = Release|Any CPU
		{8EFD9F63-4A9C-4AAA-9B30-4BDE7617BBA0}.Release|x86.Build.0 = Release|Any CPU
		{E9E27A85-B939-4451-B34B-7128DD4A9614}.Debug|Any CPU.ActiveCfg = Debug|Any CPU
		{E9E27A85-B939-4451-B34B-7128DD4A9614}.Debug|Any CPU.Build.0 = Debug|Any CPU
		{E9E27A85-B939-4451-B34B-7128DD4A9614}.Debug|x64.ActiveCfg = Debug|Any CPU
		{E9E27A85-B939-4451-B34B-7128DD4A9614}.Debug|x64.Build.0 = Debug|Any CPU
		{E9E27A85-B939-4451-B34B-7128DD4A9614}.Debug|x86.ActiveCfg = Debug|Any CPU
		{E9E27A85-B939-4451-B34B-7128DD4A9614}.Debug|x86.Build.0 = Debug|Any CPU
		{E9E27A85-B939-4451-B34B-7128DD4A9614}.Release|Any CPU.ActiveCfg = Release|Any CPU
		{E9E27A85-B939-4451-B34B-7128DD4A9614}.Release|Any CPU.Build.0 = Release|Any CPU
		{E9E27A85-B939-4451-B34B-7128DD4A9614}.Release|x64.ActiveCfg = Release|Any CPU
		{E9E27A85-B939-4451-B34B-7128DD4A9614}.Release|x64.Build.0 = Release|Any CPU
		{E9E27A85-B939-4451-B34B-7128DD4A9614}.Release|x86.ActiveCfg = Release|Any CPU
		{E9E27A85-B939-4451-B34B-7128DD4A9614}.Release|x86.Build.0 = Release|Any CPU
		{2483FB86-F534-4D0A-A5C2-8AA494357BE6}.Debug|Any CPU.ActiveCfg = Debug|Any CPU
		{2483FB86-F534-4D0A-A5C2-8AA494357BE6}.Debug|Any CPU.Build.0 = Debug|Any CPU
		{2483FB86-F534-4D0A-A5C2-8AA494357BE6}.Debug|x64.ActiveCfg = Debug|Any CPU
		{2483FB86-F534-4D0A-A5C2-8AA494357BE6}.Debug|x64.Build.0 = Debug|Any CPU
		{2483FB86-F534-4D0A-A5C2-8AA494357BE6}.Debug|x86.ActiveCfg = Debug|Any CPU
		{2483FB86-F534-4D0A-A5C2-8AA494357BE6}.Debug|x86.Build.0 = Debug|Any CPU
		{2483FB86-F534-4D0A-A5C2-8AA494357BE6}.Release|Any CPU.ActiveCfg = Release|Any CPU
		{2483FB86-F534-4D0A-A5C2-8AA494357BE6}.Release|Any CPU.Build.0 = Release|Any CPU
		{2483FB86-F534-4D0A-A5C2-8AA494357BE6}.Release|x64.ActiveCfg = Release|Any CPU
		{2483FB86-F534-4D0A-A5C2-8AA494357BE6}.Release|x64.Build.0 = Release|Any CPU
		{2483FB86-F534-4D0A-A5C2-8AA494357BE6}.Release|x86.ActiveCfg = Release|Any CPU
		{2483FB86-F534-4D0A-A5C2-8AA494357BE6}.Release|x86.Build.0 = Release|Any CPU
		{69765F11-A54E-4902-B85A-C9A9EB749AB4}.Debug|Any CPU.ActiveCfg = Debug|Any CPU
		{69765F11-A54E-4902-B85A-C9A9EB749AB4}.Debug|Any CPU.Build.0 = Debug|Any CPU
		{69765F11-A54E-4902-B85A-C9A9EB749AB4}.Debug|x64.ActiveCfg = Debug|Any CPU
		{69765F11-A54E-4902-B85A-C9A9EB749AB4}.Debug|x64.Build.0 = Debug|Any CPU
		{69765F11-A54E-4902-B85A-C9A9EB749AB4}.Debug|x86.ActiveCfg = Debug|Any CPU
		{69765F11-A54E-4902-B85A-C9A9EB749AB4}.Debug|x86.Build.0 = Debug|Any CPU
		{69765F11-A54E-4902-B85A-C9A9EB749AB4}.Release|Any CPU.ActiveCfg = Release|Any CPU
		{69765F11-A54E-4902-B85A-C9A9EB749AB4}.Release|Any CPU.Build.0 = Release|Any CPU
		{69765F11-A54E-4902-B85A-C9A9EB749AB4}.Release|x64.ActiveCfg = Release|Any CPU
		{69765F11-A54E-4902-B85A-C9A9EB749AB4}.Release|x64.Build.0 = Release|Any CPU
		{69765F11-A54E-4902-B85A-C9A9EB749AB4}.Release|x86.ActiveCfg = Release|Any CPU
		{69765F11-A54E-4902-B85A-C9A9EB749AB4}.Release|x86.Build.0 = Release|Any CPU
		{E5B28CFB-F6A5-43CD-8CBC-6D859B145C40}.Debug|Any CPU.ActiveCfg = Debug|Any CPU
		{E5B28CFB-F6A5-43CD-8CBC-6D859B145C40}.Debug|Any CPU.Build.0 = Debug|Any CPU
		{E5B28CFB-F6A5-43CD-8CBC-6D859B145C40}.Debug|x64.ActiveCfg = Debug|Any CPU
		{E5B28CFB-F6A5-43CD-8CBC-6D859B145C40}.Debug|x64.Build.0 = Debug|Any CPU
		{E5B28CFB-F6A5-43CD-8CBC-6D859B145C40}.Debug|x86.ActiveCfg = Debug|Any CPU
		{E5B28CFB-F6A5-43CD-8CBC-6D859B145C40}.Debug|x86.Build.0 = Debug|Any CPU
		{E5B28CFB-F6A5-43CD-8CBC-6D859B145C40}.Release|Any CPU.ActiveCfg = Release|Any CPU
		{E5B28CFB-F6A5-43CD-8CBC-6D859B145C40}.Release|Any CPU.Build.0 = Release|Any CPU
		{E5B28CFB-F6A5-43CD-8CBC-6D859B145C40}.Release|x64.ActiveCfg = Release|Any CPU
		{E5B28CFB-F6A5-43CD-8CBC-6D859B145C40}.Release|x64.Build.0 = Release|Any CPU
		{E5B28CFB-F6A5-43CD-8CBC-6D859B145C40}.Release|x86.ActiveCfg = Release|Any CPU
		{E5B28CFB-F6A5-43CD-8CBC-6D859B145C40}.Release|x86.Build.0 = Release|Any CPU
		{F6D8D40C-5681-4F33-BD82-3A0D24852CA2}.Debug|Any CPU.ActiveCfg = Debug|Any CPU
		{F6D8D40C-5681-4F33-BD82-3A0D24852CA2}.Debug|Any CPU.Build.0 = Debug|Any CPU
		{F6D8D40C-5681-4F33-BD82-3A0D24852CA2}.Debug|x64.ActiveCfg = Debug|Any CPU
		{F6D8D40C-5681-4F33-BD82-3A0D24852CA2}.Debug|x64.Build.0 = Debug|Any CPU
		{F6D8D40C-5681-4F33-BD82-3A0D24852CA2}.Debug|x86.ActiveCfg = Debug|Any CPU
		{F6D8D40C-5681-4F33-BD82-3A0D24852CA2}.Debug|x86.Build.0 = Debug|Any CPU
		{F6D8D40C-5681-4F33-BD82-3A0D24852CA2}.Release|Any CPU.ActiveCfg = Release|Any CPU
		{F6D8D40C-5681-4F33-BD82-3A0D24852CA2}.Release|Any CPU.Build.0 = Release|Any CPU
		{F6D8D40C-5681-4F33-BD82-3A0D24852CA2}.Release|x64.ActiveCfg = Release|Any CPU
		{F6D8D40C-5681-4F33-BD82-3A0D24852CA2}.Release|x64.Build.0 = Release|Any CPU
		{F6D8D40C-5681-4F33-BD82-3A0D24852CA2}.Release|x86.ActiveCfg = Release|Any CPU
		{F6D8D40C-5681-4F33-BD82-3A0D24852CA2}.Release|x86.Build.0 = Release|Any CPU
		{8C8201F8-8924-4D23-8FF9-8A31B86C6865}.Debug|Any CPU.ActiveCfg = Debug|Any CPU
		{8C8201F8-8924-4D23-8FF9-8A31B86C6865}.Debug|Any CPU.Build.0 = Debug|Any CPU
		{8C8201F8-8924-4D23-8FF9-8A31B86C6865}.Debug|x64.ActiveCfg = Debug|Any CPU
		{8C8201F8-8924-4D23-8FF9-8A31B86C6865}.Debug|x64.Build.0 = Debug|Any CPU
		{8C8201F8-8924-4D23-8FF9-8A31B86C6865}.Debug|x86.ActiveCfg = Debug|Any CPU
		{8C8201F8-8924-4D23-8FF9-8A31B86C6865}.Debug|x86.Build.0 = Debug|Any CPU
		{8C8201F8-8924-4D23-8FF9-8A31B86C6865}.Release|Any CPU.ActiveCfg = Release|Any CPU
		{8C8201F8-8924-4D23-8FF9-8A31B86C6865}.Release|Any CPU.Build.0 = Release|Any CPU
		{8C8201F8-8924-4D23-8FF9-8A31B86C6865}.Release|x64.ActiveCfg = Release|Any CPU
		{8C8201F8-8924-4D23-8FF9-8A31B86C6865}.Release|x64.Build.0 = Release|Any CPU
		{8C8201F8-8924-4D23-8FF9-8A31B86C6865}.Release|x86.ActiveCfg = Release|Any CPU
		{8C8201F8-8924-4D23-8FF9-8A31B86C6865}.Release|x86.Build.0 = Release|Any CPU
		{CE899410-2179-4945-8F7B-1A526417D6B9}.Debug|Any CPU.ActiveCfg = Debug|Any CPU
		{CE899410-2179-4945-8F7B-1A526417D6B9}.Debug|Any CPU.Build.0 = Debug|Any CPU
		{CE899410-2179-4945-8F7B-1A526417D6B9}.Debug|x64.ActiveCfg = Debug|Any CPU
		{CE899410-2179-4945-8F7B-1A526417D6B9}.Debug|x64.Build.0 = Debug|Any CPU
		{CE899410-2179-4945-8F7B-1A526417D6B9}.Debug|x86.ActiveCfg = Debug|Any CPU
		{CE899410-2179-4945-8F7B-1A526417D6B9}.Debug|x86.Build.0 = Debug|Any CPU
		{CE899410-2179-4945-8F7B-1A526417D6B9}.Release|Any CPU.ActiveCfg = Release|Any CPU
		{CE899410-2179-4945-8F7B-1A526417D6B9}.Release|Any CPU.Build.0 = Release|Any CPU
		{CE899410-2179-4945-8F7B-1A526417D6B9}.Release|x64.ActiveCfg = Release|Any CPU
		{CE899410-2179-4945-8F7B-1A526417D6B9}.Release|x64.Build.0 = Release|Any CPU
		{CE899410-2179-4945-8F7B-1A526417D6B9}.Release|x86.ActiveCfg = Release|Any CPU
		{CE899410-2179-4945-8F7B-1A526417D6B9}.Release|x86.Build.0 = Release|Any CPU
		{7324632B-AFB2-4ACA-A606-B761AA37DF40}.Debug|Any CPU.ActiveCfg = Debug|Any CPU
		{7324632B-AFB2-4ACA-A606-B761AA37DF40}.Debug|Any CPU.Build.0 = Debug|Any CPU
		{7324632B-AFB2-4ACA-A606-B761AA37DF40}.Debug|x64.ActiveCfg = Debug|Any CPU
		{7324632B-AFB2-4ACA-A606-B761AA37DF40}.Debug|x64.Build.0 = Debug|Any CPU
		{7324632B-AFB2-4ACA-A606-B761AA37DF40}.Debug|x86.ActiveCfg = Debug|Any CPU
		{7324632B-AFB2-4ACA-A606-B761AA37DF40}.Debug|x86.Build.0 = Debug|Any CPU
		{7324632B-AFB2-4ACA-A606-B761AA37DF40}.Release|Any CPU.ActiveCfg = Release|Any CPU
		{7324632B-AFB2-4ACA-A606-B761AA37DF40}.Release|Any CPU.Build.0 = Release|Any CPU
		{7324632B-AFB2-4ACA-A606-B761AA37DF40}.Release|x64.ActiveCfg = Release|Any CPU
		{7324632B-AFB2-4ACA-A606-B761AA37DF40}.Release|x64.Build.0 = Release|Any CPU
		{7324632B-AFB2-4ACA-A606-B761AA37DF40}.Release|x86.ActiveCfg = Release|Any CPU
		{7324632B-AFB2-4ACA-A606-B761AA37DF40}.Release|x86.Build.0 = Release|Any CPU
		{96098B8B-4044-41EB-BA96-4DA11ECC447B}.Debug|Any CPU.ActiveCfg = Debug|Any CPU
		{96098B8B-4044-41EB-BA96-4DA11ECC447B}.Debug|Any CPU.Build.0 = Debug|Any CPU
		{96098B8B-4044-41EB-BA96-4DA11ECC447B}.Debug|x64.ActiveCfg = Debug|Any CPU
		{96098B8B-4044-41EB-BA96-4DA11ECC447B}.Debug|x64.Build.0 = Debug|Any CPU
		{96098B8B-4044-41EB-BA96-4DA11ECC447B}.Debug|x86.ActiveCfg = Debug|Any CPU
		{96098B8B-4044-41EB-BA96-4DA11ECC447B}.Debug|x86.Build.0 = Debug|Any CPU
		{96098B8B-4044-41EB-BA96-4DA11ECC447B}.Release|Any CPU.ActiveCfg = Release|Any CPU
		{96098B8B-4044-41EB-BA96-4DA11ECC447B}.Release|Any CPU.Build.0 = Release|Any CPU
		{96098B8B-4044-41EB-BA96-4DA11ECC447B}.Release|x64.ActiveCfg = Release|Any CPU
		{96098B8B-4044-41EB-BA96-4DA11ECC447B}.Release|x64.Build.0 = Release|Any CPU
		{96098B8B-4044-41EB-BA96-4DA11ECC447B}.Release|x86.ActiveCfg = Release|Any CPU
		{96098B8B-4044-41EB-BA96-4DA11ECC447B}.Release|x86.Build.0 = Release|Any CPU
		{1F079639-0C19-4D1E-9079-6A72A05979CD}.Debug|Any CPU.ActiveCfg = Debug|Any CPU
		{1F079639-0C19-4D1E-9079-6A72A05979CD}.Debug|Any CPU.Build.0 = Debug|Any CPU
		{1F079639-0C19-4D1E-9079-6A72A05979CD}.Debug|x64.ActiveCfg = Debug|Any CPU
		{1F079639-0C19-4D1E-9079-6A72A05979CD}.Debug|x64.Build.0 = Debug|Any CPU
		{1F079639-0C19-4D1E-9079-6A72A05979CD}.Debug|x86.ActiveCfg = Debug|Any CPU
		{1F079639-0C19-4D1E-9079-6A72A05979CD}.Debug|x86.Build.0 = Debug|Any CPU
		{1F079639-0C19-4D1E-9079-6A72A05979CD}.Release|Any CPU.ActiveCfg = Release|Any CPU
		{1F079639-0C19-4D1E-9079-6A72A05979CD}.Release|Any CPU.Build.0 = Release|Any CPU
		{1F079639-0C19-4D1E-9079-6A72A05979CD}.Release|x64.ActiveCfg = Release|Any CPU
		{1F079639-0C19-4D1E-9079-6A72A05979CD}.Release|x64.Build.0 = Release|Any CPU
		{1F079639-0C19-4D1E-9079-6A72A05979CD}.Release|x86.ActiveCfg = Release|Any CPU
		{1F079639-0C19-4D1E-9079-6A72A05979CD}.Release|x86.Build.0 = Release|Any CPU
		{20E33352-D837-4790-BF0E-72C4F3C23A79}.Debug|Any CPU.ActiveCfg = Debug|Any CPU
		{20E33352-D837-4790-BF0E-72C4F3C23A79}.Debug|Any CPU.Build.0 = Debug|Any CPU
		{20E33352-D837-4790-BF0E-72C4F3C23A79}.Debug|x64.ActiveCfg = Debug|Any CPU
		{20E33352-D837-4790-BF0E-72C4F3C23A79}.Debug|x64.Build.0 = Debug|Any CPU
		{20E33352-D837-4790-BF0E-72C4F3C23A79}.Debug|x86.ActiveCfg = Debug|Any CPU
		{20E33352-D837-4790-BF0E-72C4F3C23A79}.Debug|x86.Build.0 = Debug|Any CPU
		{20E33352-D837-4790-BF0E-72C4F3C23A79}.Release|Any CPU.ActiveCfg = Release|Any CPU
		{20E33352-D837-4790-BF0E-72C4F3C23A79}.Release|Any CPU.Build.0 = Release|Any CPU
		{20E33352-D837-4790-BF0E-72C4F3C23A79}.Release|x64.ActiveCfg = Release|Any CPU
		{20E33352-D837-4790-BF0E-72C4F3C23A79}.Release|x64.Build.0 = Release|Any CPU
		{20E33352-D837-4790-BF0E-72C4F3C23A79}.Release|x86.ActiveCfg = Release|Any CPU
		{20E33352-D837-4790-BF0E-72C4F3C23A79}.Release|x86.Build.0 = Release|Any CPU
		{05341265-A62A-4E2B-B6D0-6F32F4AD8027}.Debug|Any CPU.ActiveCfg = Debug|Any CPU
		{05341265-A62A-4E2B-B6D0-6F32F4AD8027}.Debug|Any CPU.Build.0 = Debug|Any CPU
		{05341265-A62A-4E2B-B6D0-6F32F4AD8027}.Debug|x64.ActiveCfg = Debug|Any CPU
		{05341265-A62A-4E2B-B6D0-6F32F4AD8027}.Debug|x64.Build.0 = Debug|Any CPU
		{05341265-A62A-4E2B-B6D0-6F32F4AD8027}.Debug|x86.ActiveCfg = Debug|Any CPU
		{05341265-A62A-4E2B-B6D0-6F32F4AD8027}.Debug|x86.Build.0 = Debug|Any CPU
		{05341265-A62A-4E2B-B6D0-6F32F4AD8027}.Release|Any CPU.ActiveCfg = Release|Any CPU
		{05341265-A62A-4E2B-B6D0-6F32F4AD8027}.Release|Any CPU.Build.0 = Release|Any CPU
		{05341265-A62A-4E2B-B6D0-6F32F4AD8027}.Release|x64.ActiveCfg = Release|Any CPU
		{05341265-A62A-4E2B-B6D0-6F32F4AD8027}.Release|x64.Build.0 = Release|Any CPU
		{05341265-A62A-4E2B-B6D0-6F32F4AD8027}.Release|x86.ActiveCfg = Release|Any CPU
		{05341265-A62A-4E2B-B6D0-6F32F4AD8027}.Release|x86.Build.0 = Release|Any CPU
		{37BB7034-70BF-4D8C-8C93-801F07EAC39F}.Debug|Any CPU.ActiveCfg = Debug|Any CPU
		{37BB7034-70BF-4D8C-8C93-801F07EAC39F}.Debug|Any CPU.Build.0 = Debug|Any CPU
		{37BB7034-70BF-4D8C-8C93-801F07EAC39F}.Debug|x64.ActiveCfg = Debug|Any CPU
		{37BB7034-70BF-4D8C-8C93-801F07EAC39F}.Debug|x64.Build.0 = Debug|Any CPU
		{37BB7034-70BF-4D8C-8C93-801F07EAC39F}.Debug|x86.ActiveCfg = Debug|Any CPU
		{37BB7034-70BF-4D8C-8C93-801F07EAC39F}.Debug|x86.Build.0 = Debug|Any CPU
		{37BB7034-70BF-4D8C-8C93-801F07EAC39F}.Release|Any CPU.ActiveCfg = Release|Any CPU
		{37BB7034-70BF-4D8C-8C93-801F07EAC39F}.Release|Any CPU.Build.0 = Release|Any CPU
		{37BB7034-70BF-4D8C-8C93-801F07EAC39F}.Release|x64.ActiveCfg = Release|Any CPU
		{37BB7034-70BF-4D8C-8C93-801F07EAC39F}.Release|x64.Build.0 = Release|Any CPU
		{37BB7034-70BF-4D8C-8C93-801F07EAC39F}.Release|x86.ActiveCfg = Release|Any CPU
		{37BB7034-70BF-4D8C-8C93-801F07EAC39F}.Release|x86.Build.0 = Release|Any CPU
		{D885E8B1-8003-4727-AA2D-AE4FA9B2F6C4}.Debug|Any CPU.ActiveCfg = Debug|Any CPU
		{D885E8B1-8003-4727-AA2D-AE4FA9B2F6C4}.Debug|Any CPU.Build.0 = Debug|Any CPU
		{D885E8B1-8003-4727-AA2D-AE4FA9B2F6C4}.Debug|x64.ActiveCfg = Debug|Any CPU
		{D885E8B1-8003-4727-AA2D-AE4FA9B2F6C4}.Debug|x64.Build.0 = Debug|Any CPU
		{D885E8B1-8003-4727-AA2D-AE4FA9B2F6C4}.Debug|x86.ActiveCfg = Debug|Any CPU
		{D885E8B1-8003-4727-AA2D-AE4FA9B2F6C4}.Debug|x86.Build.0 = Debug|Any CPU
		{D885E8B1-8003-4727-AA2D-AE4FA9B2F6C4}.Release|Any CPU.ActiveCfg = Release|Any CPU
		{D885E8B1-8003-4727-AA2D-AE4FA9B2F6C4}.Release|Any CPU.Build.0 = Release|Any CPU
		{D885E8B1-8003-4727-AA2D-AE4FA9B2F6C4}.Release|x64.ActiveCfg = Release|Any CPU
		{D885E8B1-8003-4727-AA2D-AE4FA9B2F6C4}.Release|x64.Build.0 = Release|Any CPU
		{D885E8B1-8003-4727-AA2D-AE4FA9B2F6C4}.Release|x86.ActiveCfg = Release|Any CPU
		{D885E8B1-8003-4727-AA2D-AE4FA9B2F6C4}.Release|x86.Build.0 = Release|Any CPU
		{F80F2D1B-106B-4FCB-A2C2-25CAD91FBEF6}.Debug|Any CPU.ActiveCfg = Debug|Any CPU
		{F80F2D1B-106B-4FCB-A2C2-25CAD91FBEF6}.Debug|Any CPU.Build.0 = Debug|Any CPU
		{F80F2D1B-106B-4FCB-A2C2-25CAD91FBEF6}.Debug|x64.ActiveCfg = Debug|Any CPU
		{F80F2D1B-106B-4FCB-A2C2-25CAD91FBEF6}.Debug|x64.Build.0 = Debug|Any CPU
		{F80F2D1B-106B-4FCB-A2C2-25CAD91FBEF6}.Debug|x86.ActiveCfg = Debug|Any CPU
		{F80F2D1B-106B-4FCB-A2C2-25CAD91FBEF6}.Debug|x86.Build.0 = Debug|Any CPU
		{F80F2D1B-106B-4FCB-A2C2-25CAD91FBEF6}.Release|Any CPU.ActiveCfg = Release|Any CPU
		{F80F2D1B-106B-4FCB-A2C2-25CAD91FBEF6}.Release|Any CPU.Build.0 = Release|Any CPU
		{F80F2D1B-106B-4FCB-A2C2-25CAD91FBEF6}.Release|x64.ActiveCfg = Release|Any CPU
		{F80F2D1B-106B-4FCB-A2C2-25CAD91FBEF6}.Release|x64.Build.0 = Release|Any CPU
		{F80F2D1B-106B-4FCB-A2C2-25CAD91FBEF6}.Release|x86.ActiveCfg = Release|Any CPU
		{F80F2D1B-106B-4FCB-A2C2-25CAD91FBEF6}.Release|x86.Build.0 = Release|Any CPU
		{575D4AF6-675F-4ED7-AD67-FAEE476B43F9}.Debug|Any CPU.ActiveCfg = Debug|Any CPU
		{575D4AF6-675F-4ED7-AD67-FAEE476B43F9}.Debug|Any CPU.Build.0 = Debug|Any CPU
		{575D4AF6-675F-4ED7-AD67-FAEE476B43F9}.Debug|x64.ActiveCfg = Debug|Any CPU
		{575D4AF6-675F-4ED7-AD67-FAEE476B43F9}.Debug|x64.Build.0 = Debug|Any CPU
		{575D4AF6-675F-4ED7-AD67-FAEE476B43F9}.Debug|x86.ActiveCfg = Debug|Any CPU
		{575D4AF6-675F-4ED7-AD67-FAEE476B43F9}.Debug|x86.Build.0 = Debug|Any CPU
		{575D4AF6-675F-4ED7-AD67-FAEE476B43F9}.Release|Any CPU.ActiveCfg = Release|Any CPU
		{575D4AF6-675F-4ED7-AD67-FAEE476B43F9}.Release|Any CPU.Build.0 = Release|Any CPU
		{575D4AF6-675F-4ED7-AD67-FAEE476B43F9}.Release|x64.ActiveCfg = Release|Any CPU
		{575D4AF6-675F-4ED7-AD67-FAEE476B43F9}.Release|x64.Build.0 = Release|Any CPU
		{575D4AF6-675F-4ED7-AD67-FAEE476B43F9}.Release|x86.ActiveCfg = Release|Any CPU
		{575D4AF6-675F-4ED7-AD67-FAEE476B43F9}.Release|x86.Build.0 = Release|Any CPU
		{74D685BA-21F6-464B-98FB-65C2ABE92027}.Debug|Any CPU.ActiveCfg = Debug|Any CPU
		{74D685BA-21F6-464B-98FB-65C2ABE92027}.Debug|Any CPU.Build.0 = Debug|Any CPU
		{74D685BA-21F6-464B-98FB-65C2ABE92027}.Debug|x64.ActiveCfg = Debug|Any CPU
		{74D685BA-21F6-464B-98FB-65C2ABE92027}.Debug|x64.Build.0 = Debug|Any CPU
		{74D685BA-21F6-464B-98FB-65C2ABE92027}.Debug|x86.ActiveCfg = Debug|Any CPU
		{74D685BA-21F6-464B-98FB-65C2ABE92027}.Debug|x86.Build.0 = Debug|Any CPU
		{74D685BA-21F6-464B-98FB-65C2ABE92027}.Release|Any CPU.ActiveCfg = Release|Any CPU
		{74D685BA-21F6-464B-98FB-65C2ABE92027}.Release|Any CPU.Build.0 = Release|Any CPU
		{74D685BA-21F6-464B-98FB-65C2ABE92027}.Release|x64.ActiveCfg = Release|Any CPU
		{74D685BA-21F6-464B-98FB-65C2ABE92027}.Release|x64.Build.0 = Release|Any CPU
		{74D685BA-21F6-464B-98FB-65C2ABE92027}.Release|x86.ActiveCfg = Release|Any CPU
		{74D685BA-21F6-464B-98FB-65C2ABE92027}.Release|x86.Build.0 = Release|Any CPU
		{95384974-665C-422D-9BFB-9A2B1552F97D}.Debug|Any CPU.ActiveCfg = Debug|Any CPU
		{95384974-665C-422D-9BFB-9A2B1552F97D}.Debug|Any CPU.Build.0 = Debug|Any CPU
		{95384974-665C-422D-9BFB-9A2B1552F97D}.Debug|x64.ActiveCfg = Debug|Any CPU
		{95384974-665C-422D-9BFB-9A2B1552F97D}.Debug|x64.Build.0 = Debug|Any CPU
		{95384974-665C-422D-9BFB-9A2B1552F97D}.Debug|x86.ActiveCfg = Debug|Any CPU
		{95384974-665C-422D-9BFB-9A2B1552F97D}.Debug|x86.Build.0 = Debug|Any CPU
		{95384974-665C-422D-9BFB-9A2B1552F97D}.Release|Any CPU.ActiveCfg = Release|Any CPU
		{95384974-665C-422D-9BFB-9A2B1552F97D}.Release|Any CPU.Build.0 = Release|Any CPU
		{95384974-665C-422D-9BFB-9A2B1552F97D}.Release|x64.ActiveCfg = Release|Any CPU
		{95384974-665C-422D-9BFB-9A2B1552F97D}.Release|x64.Build.0 = Release|Any CPU
		{95384974-665C-422D-9BFB-9A2B1552F97D}.Release|x86.ActiveCfg = Release|Any CPU
		{95384974-665C-422D-9BFB-9A2B1552F97D}.Release|x86.Build.0 = Release|Any CPU
		{5D8302D5-1899-4CF7-9F57-246779BE16A9}.Debug|Any CPU.ActiveCfg = Debug|Any CPU
		{5D8302D5-1899-4CF7-9F57-246779BE16A9}.Debug|Any CPU.Build.0 = Debug|Any CPU
		{5D8302D5-1899-4CF7-9F57-246779BE16A9}.Debug|x64.ActiveCfg = Debug|Any CPU
		{5D8302D5-1899-4CF7-9F57-246779BE16A9}.Debug|x64.Build.0 = Debug|Any CPU
		{5D8302D5-1899-4CF7-9F57-246779BE16A9}.Debug|x86.ActiveCfg = Debug|Any CPU
		{5D8302D5-1899-4CF7-9F57-246779BE16A9}.Debug|x86.Build.0 = Debug|Any CPU
		{5D8302D5-1899-4CF7-9F57-246779BE16A9}.Release|Any CPU.ActiveCfg = Release|Any CPU
		{5D8302D5-1899-4CF7-9F57-246779BE16A9}.Release|Any CPU.Build.0 = Release|Any CPU
		{5D8302D5-1899-4CF7-9F57-246779BE16A9}.Release|x64.ActiveCfg = Release|Any CPU
		{5D8302D5-1899-4CF7-9F57-246779BE16A9}.Release|x64.Build.0 = Release|Any CPU
		{5D8302D5-1899-4CF7-9F57-246779BE16A9}.Release|x86.ActiveCfg = Release|Any CPU
		{5D8302D5-1899-4CF7-9F57-246779BE16A9}.Release|x86.Build.0 = Release|Any CPU
		{6330D3E6-A75E-4CDF-AC75-CAF2FA495E13}.Debug|Any CPU.ActiveCfg = Debug|Any CPU
		{6330D3E6-A75E-4CDF-AC75-CAF2FA495E13}.Debug|Any CPU.Build.0 = Debug|Any CPU
		{6330D3E6-A75E-4CDF-AC75-CAF2FA495E13}.Debug|x64.ActiveCfg = Debug|Any CPU
		{6330D3E6-A75E-4CDF-AC75-CAF2FA495E13}.Debug|x64.Build.0 = Debug|Any CPU
		{6330D3E6-A75E-4CDF-AC75-CAF2FA495E13}.Debug|x86.ActiveCfg = Debug|Any CPU
		{6330D3E6-A75E-4CDF-AC75-CAF2FA495E13}.Debug|x86.Build.0 = Debug|Any CPU
		{6330D3E6-A75E-4CDF-AC75-CAF2FA495E13}.Release|Any CPU.ActiveCfg = Release|Any CPU
		{6330D3E6-A75E-4CDF-AC75-CAF2FA495E13}.Release|Any CPU.Build.0 = Release|Any CPU
		{6330D3E6-A75E-4CDF-AC75-CAF2FA495E13}.Release|x64.ActiveCfg = Release|Any CPU
		{6330D3E6-A75E-4CDF-AC75-CAF2FA495E13}.Release|x64.Build.0 = Release|Any CPU
		{6330D3E6-A75E-4CDF-AC75-CAF2FA495E13}.Release|x86.ActiveCfg = Release|Any CPU
		{6330D3E6-A75E-4CDF-AC75-CAF2FA495E13}.Release|x86.Build.0 = Release|Any CPU
		{5FCAE282-2B38-4D01-A88E-28F0EE83EA63}.Debug|Any CPU.ActiveCfg = Debug|Any CPU
		{5FCAE282-2B38-4D01-A88E-28F0EE83EA63}.Debug|Any CPU.Build.0 = Debug|Any CPU
		{5FCAE282-2B38-4D01-A88E-28F0EE83EA63}.Debug|x64.ActiveCfg = Debug|Any CPU
		{5FCAE282-2B38-4D01-A88E-28F0EE83EA63}.Debug|x64.Build.0 = Debug|Any CPU
		{5FCAE282-2B38-4D01-A88E-28F0EE83EA63}.Debug|x86.ActiveCfg = Debug|Any CPU
		{5FCAE282-2B38-4D01-A88E-28F0EE83EA63}.Debug|x86.Build.0 = Debug|Any CPU
		{5FCAE282-2B38-4D01-A88E-28F0EE83EA63}.Release|Any CPU.ActiveCfg = Release|Any CPU
		{5FCAE282-2B38-4D01-A88E-28F0EE83EA63}.Release|Any CPU.Build.0 = Release|Any CPU
		{5FCAE282-2B38-4D01-A88E-28F0EE83EA63}.Release|x64.ActiveCfg = Release|Any CPU
		{5FCAE282-2B38-4D01-A88E-28F0EE83EA63}.Release|x64.Build.0 = Release|Any CPU
		{5FCAE282-2B38-4D01-A88E-28F0EE83EA63}.Release|x86.ActiveCfg = Release|Any CPU
		{5FCAE282-2B38-4D01-A88E-28F0EE83EA63}.Release|x86.Build.0 = Release|Any CPU
		{4CF36591-5151-4FEB-8D66-8100B6D90550}.Debug|Any CPU.ActiveCfg = Debug|Any CPU
		{4CF36591-5151-4FEB-8D66-8100B6D90550}.Debug|Any CPU.Build.0 = Debug|Any CPU
		{4CF36591-5151-4FEB-8D66-8100B6D90550}.Debug|x64.ActiveCfg = Debug|Any CPU
		{4CF36591-5151-4FEB-8D66-8100B6D90550}.Debug|x64.Build.0 = Debug|Any CPU
		{4CF36591-5151-4FEB-8D66-8100B6D90550}.Debug|x86.ActiveCfg = Debug|Any CPU
		{4CF36591-5151-4FEB-8D66-8100B6D90550}.Debug|x86.Build.0 = Debug|Any CPU
		{4CF36591-5151-4FEB-8D66-8100B6D90550}.Release|Any CPU.ActiveCfg = Release|Any CPU
		{4CF36591-5151-4FEB-8D66-8100B6D90550}.Release|Any CPU.Build.0 = Release|Any CPU
		{4CF36591-5151-4FEB-8D66-8100B6D90550}.Release|x64.ActiveCfg = Release|Any CPU
		{4CF36591-5151-4FEB-8D66-8100B6D90550}.Release|x64.Build.0 = Release|Any CPU
		{4CF36591-5151-4FEB-8D66-8100B6D90550}.Release|x86.ActiveCfg = Release|Any CPU
		{4CF36591-5151-4FEB-8D66-8100B6D90550}.Release|x86.Build.0 = Release|Any CPU
		{A7458838-55B6-4675-8D0E-1047085321AE}.Debug|Any CPU.ActiveCfg = Debug|Any CPU
		{A7458838-55B6-4675-8D0E-1047085321AE}.Debug|Any CPU.Build.0 = Debug|Any CPU
		{A7458838-55B6-4675-8D0E-1047085321AE}.Debug|x64.ActiveCfg = Debug|Any CPU
		{A7458838-55B6-4675-8D0E-1047085321AE}.Debug|x64.Build.0 = Debug|Any CPU
		{A7458838-55B6-4675-8D0E-1047085321AE}.Debug|x86.ActiveCfg = Debug|Any CPU
		{A7458838-55B6-4675-8D0E-1047085321AE}.Debug|x86.Build.0 = Debug|Any CPU
		{A7458838-55B6-4675-8D0E-1047085321AE}.Release|Any CPU.ActiveCfg = Release|Any CPU
		{A7458838-55B6-4675-8D0E-1047085321AE}.Release|Any CPU.Build.0 = Release|Any CPU
		{A7458838-55B6-4675-8D0E-1047085321AE}.Release|x64.ActiveCfg = Release|Any CPU
		{A7458838-55B6-4675-8D0E-1047085321AE}.Release|x64.Build.0 = Release|Any CPU
		{A7458838-55B6-4675-8D0E-1047085321AE}.Release|x86.ActiveCfg = Release|Any CPU
		{A7458838-55B6-4675-8D0E-1047085321AE}.Release|x86.Build.0 = Release|Any CPU
		{ADE3171B-7ED1-4D8B-BC0E-84150BE9EFEC}.Debug|Any CPU.ActiveCfg = Debug|Any CPU
		{ADE3171B-7ED1-4D8B-BC0E-84150BE9EFEC}.Debug|Any CPU.Build.0 = Debug|Any CPU
		{ADE3171B-7ED1-4D8B-BC0E-84150BE9EFEC}.Debug|x64.ActiveCfg = Debug|Any CPU
		{ADE3171B-7ED1-4D8B-BC0E-84150BE9EFEC}.Debug|x64.Build.0 = Debug|Any CPU
		{ADE3171B-7ED1-4D8B-BC0E-84150BE9EFEC}.Debug|x86.ActiveCfg = Debug|Any CPU
		{ADE3171B-7ED1-4D8B-BC0E-84150BE9EFEC}.Debug|x86.Build.0 = Debug|Any CPU
		{ADE3171B-7ED1-4D8B-BC0E-84150BE9EFEC}.Release|Any CPU.ActiveCfg = Release|Any CPU
		{ADE3171B-7ED1-4D8B-BC0E-84150BE9EFEC}.Release|Any CPU.Build.0 = Release|Any CPU
		{ADE3171B-7ED1-4D8B-BC0E-84150BE9EFEC}.Release|x64.ActiveCfg = Release|Any CPU
		{ADE3171B-7ED1-4D8B-BC0E-84150BE9EFEC}.Release|x64.Build.0 = Release|Any CPU
		{ADE3171B-7ED1-4D8B-BC0E-84150BE9EFEC}.Release|x86.ActiveCfg = Release|Any CPU
		{ADE3171B-7ED1-4D8B-BC0E-84150BE9EFEC}.Release|x86.Build.0 = Release|Any CPU
		{CADEDEA3-CA6A-4537-AFEE-AB37B0A54AFB}.Debug|Any CPU.ActiveCfg = Debug|Any CPU
		{CADEDEA3-CA6A-4537-AFEE-AB37B0A54AFB}.Debug|Any CPU.Build.0 = Debug|Any CPU
		{CADEDEA3-CA6A-4537-AFEE-AB37B0A54AFB}.Debug|x64.ActiveCfg = Debug|Any CPU
		{CADEDEA3-CA6A-4537-AFEE-AB37B0A54AFB}.Debug|x64.Build.0 = Debug|Any CPU
		{CADEDEA3-CA6A-4537-AFEE-AB37B0A54AFB}.Debug|x86.ActiveCfg = Debug|Any CPU
		{CADEDEA3-CA6A-4537-AFEE-AB37B0A54AFB}.Debug|x86.Build.0 = Debug|Any CPU
		{CADEDEA3-CA6A-4537-AFEE-AB37B0A54AFB}.Release|Any CPU.ActiveCfg = Release|Any CPU
		{CADEDEA3-CA6A-4537-AFEE-AB37B0A54AFB}.Release|Any CPU.Build.0 = Release|Any CPU
		{CADEDEA3-CA6A-4537-AFEE-AB37B0A54AFB}.Release|x64.ActiveCfg = Release|Any CPU
		{CADEDEA3-CA6A-4537-AFEE-AB37B0A54AFB}.Release|x64.Build.0 = Release|Any CPU
		{CADEDEA3-CA6A-4537-AFEE-AB37B0A54AFB}.Release|x86.ActiveCfg = Release|Any CPU
		{CADEDEA3-CA6A-4537-AFEE-AB37B0A54AFB}.Release|x86.Build.0 = Release|Any CPU
		{37CDAE39-431D-4CC1-9DCC-68A626DA22A4}.Debug|Any CPU.ActiveCfg = Debug|Any CPU
		{37CDAE39-431D-4CC1-9DCC-68A626DA22A4}.Debug|Any CPU.Build.0 = Debug|Any CPU
		{37CDAE39-431D-4CC1-9DCC-68A626DA22A4}.Debug|x64.ActiveCfg = Debug|Any CPU
		{37CDAE39-431D-4CC1-9DCC-68A626DA22A4}.Debug|x64.Build.0 = Debug|Any CPU
		{37CDAE39-431D-4CC1-9DCC-68A626DA22A4}.Debug|x86.ActiveCfg = Debug|Any CPU
		{37CDAE39-431D-4CC1-9DCC-68A626DA22A4}.Debug|x86.Build.0 = Debug|Any CPU
		{37CDAE39-431D-4CC1-9DCC-68A626DA22A4}.Release|Any CPU.ActiveCfg = Release|Any CPU
		{37CDAE39-431D-4CC1-9DCC-68A626DA22A4}.Release|Any CPU.Build.0 = Release|Any CPU
		{37CDAE39-431D-4CC1-9DCC-68A626DA22A4}.Release|x64.ActiveCfg = Release|Any CPU
		{37CDAE39-431D-4CC1-9DCC-68A626DA22A4}.Release|x64.Build.0 = Release|Any CPU
		{37CDAE39-431D-4CC1-9DCC-68A626DA22A4}.Release|x86.ActiveCfg = Release|Any CPU
		{37CDAE39-431D-4CC1-9DCC-68A626DA22A4}.Release|x86.Build.0 = Release|Any CPU
		{2B8680A6-85EA-46E2-A25E-0E2727E1075B}.Debug|Any CPU.ActiveCfg = Debug|Any CPU
		{2B8680A6-85EA-46E2-A25E-0E2727E1075B}.Debug|Any CPU.Build.0 = Debug|Any CPU
		{2B8680A6-85EA-46E2-A25E-0E2727E1075B}.Debug|x64.ActiveCfg = Debug|Any CPU
		{2B8680A6-85EA-46E2-A25E-0E2727E1075B}.Debug|x64.Build.0 = Debug|Any CPU
		{2B8680A6-85EA-46E2-A25E-0E2727E1075B}.Debug|x86.ActiveCfg = Debug|Any CPU
		{2B8680A6-85EA-46E2-A25E-0E2727E1075B}.Debug|x86.Build.0 = Debug|Any CPU
		{2B8680A6-85EA-46E2-A25E-0E2727E1075B}.Release|Any CPU.ActiveCfg = Release|Any CPU
		{2B8680A6-85EA-46E2-A25E-0E2727E1075B}.Release|Any CPU.Build.0 = Release|Any CPU
		{2B8680A6-85EA-46E2-A25E-0E2727E1075B}.Release|x64.ActiveCfg = Release|Any CPU
		{2B8680A6-85EA-46E2-A25E-0E2727E1075B}.Release|x64.Build.0 = Release|Any CPU
		{2B8680A6-85EA-46E2-A25E-0E2727E1075B}.Release|x86.ActiveCfg = Release|Any CPU
		{2B8680A6-85EA-46E2-A25E-0E2727E1075B}.Release|x86.Build.0 = Release|Any CPU
		{29AF964E-EBD7-486B-9A95-858D6B2BE7A8}.Debug|Any CPU.ActiveCfg = Debug|Any CPU
		{29AF964E-EBD7-486B-9A95-858D6B2BE7A8}.Debug|Any CPU.Build.0 = Debug|Any CPU
		{29AF964E-EBD7-486B-9A95-858D6B2BE7A8}.Debug|x64.ActiveCfg = Debug|Any CPU
		{29AF964E-EBD7-486B-9A95-858D6B2BE7A8}.Debug|x64.Build.0 = Debug|Any CPU
		{29AF964E-EBD7-486B-9A95-858D6B2BE7A8}.Debug|x86.ActiveCfg = Debug|Any CPU
		{29AF964E-EBD7-486B-9A95-858D6B2BE7A8}.Debug|x86.Build.0 = Debug|Any CPU
		{29AF964E-EBD7-486B-9A95-858D6B2BE7A8}.Release|Any CPU.ActiveCfg = Release|Any CPU
		{29AF964E-EBD7-486B-9A95-858D6B2BE7A8}.Release|Any CPU.Build.0 = Release|Any CPU
		{29AF964E-EBD7-486B-9A95-858D6B2BE7A8}.Release|x64.ActiveCfg = Release|Any CPU
		{29AF964E-EBD7-486B-9A95-858D6B2BE7A8}.Release|x64.Build.0 = Release|Any CPU
		{29AF964E-EBD7-486B-9A95-858D6B2BE7A8}.Release|x86.ActiveCfg = Release|Any CPU
		{29AF964E-EBD7-486B-9A95-858D6B2BE7A8}.Release|x86.Build.0 = Release|Any CPU
		{188494D3-CF5D-4C1F-A516-79AEDD44D45D}.Debug|Any CPU.ActiveCfg = Debug|Any CPU
		{188494D3-CF5D-4C1F-A516-79AEDD44D45D}.Debug|Any CPU.Build.0 = Debug|Any CPU
		{188494D3-CF5D-4C1F-A516-79AEDD44D45D}.Debug|x64.ActiveCfg = Debug|Any CPU
		{188494D3-CF5D-4C1F-A516-79AEDD44D45D}.Debug|x64.Build.0 = Debug|Any CPU
		{188494D3-CF5D-4C1F-A516-79AEDD44D45D}.Debug|x86.ActiveCfg = Debug|Any CPU
		{188494D3-CF5D-4C1F-A516-79AEDD44D45D}.Debug|x86.Build.0 = Debug|Any CPU
		{188494D3-CF5D-4C1F-A516-79AEDD44D45D}.Release|Any CPU.ActiveCfg = Release|Any CPU
		{188494D3-CF5D-4C1F-A516-79AEDD44D45D}.Release|Any CPU.Build.0 = Release|Any CPU
		{188494D3-CF5D-4C1F-A516-79AEDD44D45D}.Release|x64.ActiveCfg = Release|Any CPU
		{188494D3-CF5D-4C1F-A516-79AEDD44D45D}.Release|x64.Build.0 = Release|Any CPU
		{188494D3-CF5D-4C1F-A516-79AEDD44D45D}.Release|x86.ActiveCfg = Release|Any CPU
		{188494D3-CF5D-4C1F-A516-79AEDD44D45D}.Release|x86.Build.0 = Release|Any CPU
		{565AD5E1-F4A2-4352-AEBC-E5DE019D8958}.Debug|Any CPU.ActiveCfg = Debug|Any CPU
		{565AD5E1-F4A2-4352-AEBC-E5DE019D8958}.Debug|Any CPU.Build.0 = Debug|Any CPU
		{565AD5E1-F4A2-4352-AEBC-E5DE019D8958}.Debug|x64.ActiveCfg = Debug|Any CPU
		{565AD5E1-F4A2-4352-AEBC-E5DE019D8958}.Debug|x64.Build.0 = Debug|Any CPU
		{565AD5E1-F4A2-4352-AEBC-E5DE019D8958}.Debug|x86.ActiveCfg = Debug|Any CPU
		{565AD5E1-F4A2-4352-AEBC-E5DE019D8958}.Debug|x86.Build.0 = Debug|Any CPU
		{565AD5E1-F4A2-4352-AEBC-E5DE019D8958}.Release|Any CPU.ActiveCfg = Release|Any CPU
		{565AD5E1-F4A2-4352-AEBC-E5DE019D8958}.Release|Any CPU.Build.0 = Release|Any CPU
		{565AD5E1-F4A2-4352-AEBC-E5DE019D8958}.Release|x64.ActiveCfg = Release|Any CPU
		{565AD5E1-F4A2-4352-AEBC-E5DE019D8958}.Release|x64.Build.0 = Release|Any CPU
		{565AD5E1-F4A2-4352-AEBC-E5DE019D8958}.Release|x86.ActiveCfg = Release|Any CPU
		{565AD5E1-F4A2-4352-AEBC-E5DE019D8958}.Release|x86.Build.0 = Release|Any CPU
		{54921D6E-EC88-4421-A0B7-51BFBA948DCF}.Debug|Any CPU.ActiveCfg = Debug|Any CPU
		{54921D6E-EC88-4421-A0B7-51BFBA948DCF}.Debug|Any CPU.Build.0 = Debug|Any CPU
		{54921D6E-EC88-4421-A0B7-51BFBA948DCF}.Debug|x64.ActiveCfg = Debug|Any CPU
		{54921D6E-EC88-4421-A0B7-51BFBA948DCF}.Debug|x64.Build.0 = Debug|Any CPU
		{54921D6E-EC88-4421-A0B7-51BFBA948DCF}.Debug|x86.ActiveCfg = Debug|Any CPU
		{54921D6E-EC88-4421-A0B7-51BFBA948DCF}.Debug|x86.Build.0 = Debug|Any CPU
		{54921D6E-EC88-4421-A0B7-51BFBA948DCF}.Release|Any CPU.ActiveCfg = Release|Any CPU
		{54921D6E-EC88-4421-A0B7-51BFBA948DCF}.Release|Any CPU.Build.0 = Release|Any CPU
		{54921D6E-EC88-4421-A0B7-51BFBA948DCF}.Release|x64.ActiveCfg = Release|Any CPU
		{54921D6E-EC88-4421-A0B7-51BFBA948DCF}.Release|x64.Build.0 = Release|Any CPU
		{54921D6E-EC88-4421-A0B7-51BFBA948DCF}.Release|x86.ActiveCfg = Release|Any CPU
		{54921D6E-EC88-4421-A0B7-51BFBA948DCF}.Release|x86.Build.0 = Release|Any CPU
		{ACCB8E79-F070-4602-A955-74F950F16B75}.Debug|Any CPU.ActiveCfg = Debug|Any CPU
		{ACCB8E79-F070-4602-A955-74F950F16B75}.Debug|Any CPU.Build.0 = Debug|Any CPU
		{ACCB8E79-F070-4602-A955-74F950F16B75}.Debug|x64.ActiveCfg = Debug|Any CPU
		{ACCB8E79-F070-4602-A955-74F950F16B75}.Debug|x64.Build.0 = Debug|Any CPU
		{ACCB8E79-F070-4602-A955-74F950F16B75}.Debug|x86.ActiveCfg = Debug|Any CPU
		{ACCB8E79-F070-4602-A955-74F950F16B75}.Debug|x86.Build.0 = Debug|Any CPU
		{ACCB8E79-F070-4602-A955-74F950F16B75}.Release|Any CPU.ActiveCfg = Release|Any CPU
		{ACCB8E79-F070-4602-A955-74F950F16B75}.Release|Any CPU.Build.0 = Release|Any CPU
		{ACCB8E79-F070-4602-A955-74F950F16B75}.Release|x64.ActiveCfg = Release|Any CPU
		{ACCB8E79-F070-4602-A955-74F950F16B75}.Release|x64.Build.0 = Release|Any CPU
		{ACCB8E79-F070-4602-A955-74F950F16B75}.Release|x86.ActiveCfg = Release|Any CPU
		{ACCB8E79-F070-4602-A955-74F950F16B75}.Release|x86.Build.0 = Release|Any CPU
		{EEF1E28A-9486-4910-A2DE-311CBAD022EA}.Debug|Any CPU.ActiveCfg = Debug|Any CPU
		{EEF1E28A-9486-4910-A2DE-311CBAD022EA}.Debug|Any CPU.Build.0 = Debug|Any CPU
		{EEF1E28A-9486-4910-A2DE-311CBAD022EA}.Debug|x64.ActiveCfg = Debug|Any CPU
		{EEF1E28A-9486-4910-A2DE-311CBAD022EA}.Debug|x64.Build.0 = Debug|Any CPU
		{EEF1E28A-9486-4910-A2DE-311CBAD022EA}.Debug|x86.ActiveCfg = Debug|Any CPU
		{EEF1E28A-9486-4910-A2DE-311CBAD022EA}.Debug|x86.Build.0 = Debug|Any CPU
		{EEF1E28A-9486-4910-A2DE-311CBAD022EA}.Release|Any CPU.ActiveCfg = Release|Any CPU
		{EEF1E28A-9486-4910-A2DE-311CBAD022EA}.Release|Any CPU.Build.0 = Release|Any CPU
		{EEF1E28A-9486-4910-A2DE-311CBAD022EA}.Release|x64.ActiveCfg = Release|Any CPU
		{EEF1E28A-9486-4910-A2DE-311CBAD022EA}.Release|x64.Build.0 = Release|Any CPU
		{EEF1E28A-9486-4910-A2DE-311CBAD022EA}.Release|x86.ActiveCfg = Release|Any CPU
		{EEF1E28A-9486-4910-A2DE-311CBAD022EA}.Release|x86.Build.0 = Release|Any CPU
		{76140186-2F6F-4A70-9F04-551FF34DF4F9}.Debug|Any CPU.ActiveCfg = Debug|Any CPU
		{76140186-2F6F-4A70-9F04-551FF34DF4F9}.Debug|Any CPU.Build.0 = Debug|Any CPU
		{76140186-2F6F-4A70-9F04-551FF34DF4F9}.Debug|x64.ActiveCfg = Debug|Any CPU
		{76140186-2F6F-4A70-9F04-551FF34DF4F9}.Debug|x64.Build.0 = Debug|Any CPU
		{76140186-2F6F-4A70-9F04-551FF34DF4F9}.Debug|x86.ActiveCfg = Debug|Any CPU
		{76140186-2F6F-4A70-9F04-551FF34DF4F9}.Debug|x86.Build.0 = Debug|Any CPU
		{76140186-2F6F-4A70-9F04-551FF34DF4F9}.Release|Any CPU.ActiveCfg = Release|Any CPU
		{76140186-2F6F-4A70-9F04-551FF34DF4F9}.Release|Any CPU.Build.0 = Release|Any CPU
		{76140186-2F6F-4A70-9F04-551FF34DF4F9}.Release|x64.ActiveCfg = Release|Any CPU
		{76140186-2F6F-4A70-9F04-551FF34DF4F9}.Release|x64.Build.0 = Release|Any CPU
		{76140186-2F6F-4A70-9F04-551FF34DF4F9}.Release|x86.ActiveCfg = Release|Any CPU
		{76140186-2F6F-4A70-9F04-551FF34DF4F9}.Release|x86.Build.0 = Release|Any CPU
		{A5485C5C-E2EF-4DF6-8224-6C46DCE42009}.Debug|Any CPU.ActiveCfg = Debug|Any CPU
		{A5485C5C-E2EF-4DF6-8224-6C46DCE42009}.Debug|Any CPU.Build.0 = Debug|Any CPU
		{A5485C5C-E2EF-4DF6-8224-6C46DCE42009}.Debug|x64.ActiveCfg = Debug|Any CPU
		{A5485C5C-E2EF-4DF6-8224-6C46DCE42009}.Debug|x64.Build.0 = Debug|Any CPU
		{A5485C5C-E2EF-4DF6-8224-6C46DCE42009}.Debug|x86.ActiveCfg = Debug|Any CPU
		{A5485C5C-E2EF-4DF6-8224-6C46DCE42009}.Debug|x86.Build.0 = Debug|Any CPU
		{A5485C5C-E2EF-4DF6-8224-6C46DCE42009}.Release|Any CPU.ActiveCfg = Release|Any CPU
		{A5485C5C-E2EF-4DF6-8224-6C46DCE42009}.Release|Any CPU.Build.0 = Release|Any CPU
		{A5485C5C-E2EF-4DF6-8224-6C46DCE42009}.Release|x64.ActiveCfg = Release|Any CPU
		{A5485C5C-E2EF-4DF6-8224-6C46DCE42009}.Release|x64.Build.0 = Release|Any CPU
		{A5485C5C-E2EF-4DF6-8224-6C46DCE42009}.Release|x86.ActiveCfg = Release|Any CPU
		{A5485C5C-E2EF-4DF6-8224-6C46DCE42009}.Release|x86.Build.0 = Release|Any CPU
		{2F4CD6F1-110C-4523-876F-6DF61A80E48E}.Debug|Any CPU.ActiveCfg = Debug|Any CPU
		{2F4CD6F1-110C-4523-876F-6DF61A80E48E}.Debug|Any CPU.Build.0 = Debug|Any CPU
		{2F4CD6F1-110C-4523-876F-6DF61A80E48E}.Debug|x64.ActiveCfg = Debug|Any CPU
		{2F4CD6F1-110C-4523-876F-6DF61A80E48E}.Debug|x64.Build.0 = Debug|Any CPU
		{2F4CD6F1-110C-4523-876F-6DF61A80E48E}.Debug|x86.ActiveCfg = Debug|Any CPU
		{2F4CD6F1-110C-4523-876F-6DF61A80E48E}.Debug|x86.Build.0 = Debug|Any CPU
		{2F4CD6F1-110C-4523-876F-6DF61A80E48E}.Release|Any CPU.ActiveCfg = Release|Any CPU
		{2F4CD6F1-110C-4523-876F-6DF61A80E48E}.Release|Any CPU.Build.0 = Release|Any CPU
		{2F4CD6F1-110C-4523-876F-6DF61A80E48E}.Release|x64.ActiveCfg = Release|Any CPU
		{2F4CD6F1-110C-4523-876F-6DF61A80E48E}.Release|x64.Build.0 = Release|Any CPU
		{2F4CD6F1-110C-4523-876F-6DF61A80E48E}.Release|x86.ActiveCfg = Release|Any CPU
		{2F4CD6F1-110C-4523-876F-6DF61A80E48E}.Release|x86.Build.0 = Release|Any CPU
		{436C1345-4627-42AA-88FB-0D676FD3DAC8}.Debug|Any CPU.ActiveCfg = Debug|Any CPU
		{436C1345-4627-42AA-88FB-0D676FD3DAC8}.Debug|Any CPU.Build.0 = Debug|Any CPU
		{436C1345-4627-42AA-88FB-0D676FD3DAC8}.Debug|x64.ActiveCfg = Debug|Any CPU
		{436C1345-4627-42AA-88FB-0D676FD3DAC8}.Debug|x64.Build.0 = Debug|Any CPU
		{436C1345-4627-42AA-88FB-0D676FD3DAC8}.Debug|x86.ActiveCfg = Debug|Any CPU
		{436C1345-4627-42AA-88FB-0D676FD3DAC8}.Debug|x86.Build.0 = Debug|Any CPU
		{436C1345-4627-42AA-88FB-0D676FD3DAC8}.Release|Any CPU.ActiveCfg = Release|Any CPU
		{436C1345-4627-42AA-88FB-0D676FD3DAC8}.Release|Any CPU.Build.0 = Release|Any CPU
		{436C1345-4627-42AA-88FB-0D676FD3DAC8}.Release|x64.ActiveCfg = Release|Any CPU
		{436C1345-4627-42AA-88FB-0D676FD3DAC8}.Release|x64.Build.0 = Release|Any CPU
		{436C1345-4627-42AA-88FB-0D676FD3DAC8}.Release|x86.ActiveCfg = Release|Any CPU
		{436C1345-4627-42AA-88FB-0D676FD3DAC8}.Release|x86.Build.0 = Release|Any CPU
		{62AAA98C-C39D-457D-ACC5-504EE43CE2C7}.Debug|Any CPU.ActiveCfg = Debug|Any CPU
		{62AAA98C-C39D-457D-ACC5-504EE43CE2C7}.Debug|Any CPU.Build.0 = Debug|Any CPU
		{62AAA98C-C39D-457D-ACC5-504EE43CE2C7}.Debug|x64.ActiveCfg = Debug|Any CPU
		{62AAA98C-C39D-457D-ACC5-504EE43CE2C7}.Debug|x64.Build.0 = Debug|Any CPU
		{62AAA98C-C39D-457D-ACC5-504EE43CE2C7}.Debug|x86.ActiveCfg = Debug|Any CPU
		{62AAA98C-C39D-457D-ACC5-504EE43CE2C7}.Debug|x86.Build.0 = Debug|Any CPU
		{62AAA98C-C39D-457D-ACC5-504EE43CE2C7}.Release|Any CPU.ActiveCfg = Release|Any CPU
		{62AAA98C-C39D-457D-ACC5-504EE43CE2C7}.Release|Any CPU.Build.0 = Release|Any CPU
		{62AAA98C-C39D-457D-ACC5-504EE43CE2C7}.Release|x64.ActiveCfg = Release|Any CPU
		{62AAA98C-C39D-457D-ACC5-504EE43CE2C7}.Release|x64.Build.0 = Release|Any CPU
		{62AAA98C-C39D-457D-ACC5-504EE43CE2C7}.Release|x86.ActiveCfg = Release|Any CPU
		{62AAA98C-C39D-457D-ACC5-504EE43CE2C7}.Release|x86.Build.0 = Release|Any CPU
		{00E5610B-A92A-4302-B849-A7ED630D0620}.Debug|Any CPU.ActiveCfg = Debug|Any CPU
		{00E5610B-A92A-4302-B849-A7ED630D0620}.Debug|Any CPU.Build.0 = Debug|Any CPU
		{00E5610B-A92A-4302-B849-A7ED630D0620}.Debug|x64.ActiveCfg = Debug|Any CPU
		{00E5610B-A92A-4302-B849-A7ED630D0620}.Debug|x64.Build.0 = Debug|Any CPU
		{00E5610B-A92A-4302-B849-A7ED630D0620}.Debug|x86.ActiveCfg = Debug|Any CPU
		{00E5610B-A92A-4302-B849-A7ED630D0620}.Debug|x86.Build.0 = Debug|Any CPU
		{00E5610B-A92A-4302-B849-A7ED630D0620}.Release|Any CPU.ActiveCfg = Release|Any CPU
		{00E5610B-A92A-4302-B849-A7ED630D0620}.Release|Any CPU.Build.0 = Release|Any CPU
		{00E5610B-A92A-4302-B849-A7ED630D0620}.Release|x64.ActiveCfg = Release|Any CPU
		{00E5610B-A92A-4302-B849-A7ED630D0620}.Release|x64.Build.0 = Release|Any CPU
		{00E5610B-A92A-4302-B849-A7ED630D0620}.Release|x86.ActiveCfg = Release|Any CPU
		{00E5610B-A92A-4302-B849-A7ED630D0620}.Release|x86.Build.0 = Release|Any CPU
	EndGlobalSection
	GlobalSection(SolutionProperties) = preSolution
		HideSolutionNode = FALSE
	EndGlobalSection
	GlobalSection(NestedProjects) = preSolution
		{B3692EAE-E7F1-F3ED-0681-0942E8AC56AB} = {5D20AA90-6969-D8BD-9DCD-8634F4692FDA}
		{B24FEB18-8670-4C61-9498-6647984CFCC1} = {B3692EAE-E7F1-F3ED-0681-0942E8AC56AB}
		{5B23A82A-F846-6E2A-8C37-EFDF6B4F759C} = {5D20AA90-6969-D8BD-9DCD-8634F4692FDA}
		{5D5985E9-A08A-1817-C6A3-FDC42FD1B1DB} = {5B23A82A-F846-6E2A-8C37-EFDF6B4F759C}
		{6D9E1BE7-B9E3-482A-ACFC-02E8F7F80F50} = {5D5985E9-A08A-1817-C6A3-FDC42FD1B1DB}
		{566E7418-EA21-8A5A-CFE4-60A3623C7BE3} = {5B23A82A-F846-6E2A-8C37-EFDF6B4F759C}
		{BC4C45C4-D3B4-4E0D-9DB2-B04E303090F9} = {566E7418-EA21-8A5A-CFE4-60A3623C7BE3}
		{DDB3F52E-15FB-70BC-3429-3F905C64A208} = {5B23A82A-F846-6E2A-8C37-EFDF6B4F759C}
		{B03A9B22-4A8C-446D-BDA6-7DF9B4A7EFE0} = {DDB3F52E-15FB-70BC-3429-3F905C64A208}
		{13D0FA53-4251-E4FF-1EF4-05FAC39CCF7C} = {5B23A82A-F846-6E2A-8C37-EFDF6B4F759C}
		{8EFD9F63-4A9C-4AAA-9B30-4BDE7617BBA0} = {13D0FA53-4251-E4FF-1EF4-05FAC39CCF7C}
		{94E9CD7F-33A0-4B79-816B-87CFE6A2F286} = {5B23A82A-F846-6E2A-8C37-EFDF6B4F759C}
		{E9E27A85-B939-4451-B34B-7128DD4A9614} = {94E9CD7F-33A0-4B79-816B-87CFE6A2F286}
		{7A97030B-9DB8-DC84-187E-DAEFC29063EA} = {5B23A82A-F846-6E2A-8C37-EFDF6B4F759C}
		{2483FB86-F534-4D0A-A5C2-8AA494357BE6} = {7A97030B-9DB8-DC84-187E-DAEFC29063EA}
		{B90531A5-4112-6FC0-071C-BF564230631F} = {5B23A82A-F846-6E2A-8C37-EFDF6B4F759C}
		{69765F11-A54E-4902-B85A-C9A9EB749AB4} = {B90531A5-4112-6FC0-071C-BF564230631F}
		{B739A8CF-14C7-55F0-E86D-50F8A8094C76} = {5B23A82A-F846-6E2A-8C37-EFDF6B4F759C}
		{E5B28CFB-F6A5-43CD-8CBC-6D859B145C40} = {B739A8CF-14C7-55F0-E86D-50F8A8094C76}
		{36AC66E5-DE3D-F513-7ECA-489A63869F1A} = {5D20AA90-6969-D8BD-9DCD-8634F4692FDA}
		{F6D8D40C-5681-4F33-BD82-3A0D24852CA2} = {36AC66E5-DE3D-F513-7ECA-489A63869F1A}
		{DEF2F7B7-444B-21C9-19C8-EF8B9D4FE417} = {5D20AA90-6969-D8BD-9DCD-8634F4692FDA}
		{CE899410-2179-4945-8F7B-1A526417D6B9} = {DEF2F7B7-444B-21C9-19C8-EF8B9D4FE417}
		{46B3C061-D0D2-005B-2DF6-4DC1C89F25F8} = {5D20AA90-6969-D8BD-9DCD-8634F4692FDA}
		{96098B8B-4044-41EB-BA96-4DA11ECC447B} = {46B3C061-D0D2-005B-2DF6-4DC1C89F25F8}
		{D7C758BD-2CCD-9BA1-5798-1E85AA6117DD} = {5D20AA90-6969-D8BD-9DCD-8634F4692FDA}
		{20E33352-D837-4790-BF0E-72C4F3C23A79} = {D7C758BD-2CCD-9BA1-5798-1E85AA6117DD}
		{1C94D553-E324-235F-4007-A0443394E0CD} = {5D20AA90-6969-D8BD-9DCD-8634F4692FDA}
		{37BB7034-70BF-4D8C-8C93-801F07EAC39F} = {1C94D553-E324-235F-4007-A0443394E0CD}
		{D885E8B1-8003-4727-AA2D-AE4FA9B2F6C4} = {B3692EAE-E7F1-F3ED-0681-0942E8AC56AB}
		{575D4AF6-675F-4ED7-AD67-FAEE476B43F9} = {B3692EAE-E7F1-F3ED-0681-0942E8AC56AB}
		{74D685BA-21F6-464B-98FB-65C2ABE92027} = {B3692EAE-E7F1-F3ED-0681-0942E8AC56AB}
		{95384974-665C-422D-9BFB-9A2B1552F97D} = {B3692EAE-E7F1-F3ED-0681-0942E8AC56AB}
		{5D8302D5-1899-4CF7-9F57-246779BE16A9} = {B3692EAE-E7F1-F3ED-0681-0942E8AC56AB}
		{6330D3E6-A75E-4CDF-AC75-CAF2FA495E13} = {B3692EAE-E7F1-F3ED-0681-0942E8AC56AB}
		{5FCAE282-2B38-4D01-A88E-28F0EE83EA63} = {B3692EAE-E7F1-F3ED-0681-0942E8AC56AB}
		{4CF36591-5151-4FEB-8D66-8100B6D90550} = {B3692EAE-E7F1-F3ED-0681-0942E8AC56AB}
		{A7458838-55B6-4675-8D0E-1047085321AE} = {B3692EAE-E7F1-F3ED-0681-0942E8AC56AB}
		{ADE3171B-7ED1-4D8B-BC0E-84150BE9EFEC} = {5D5985E9-A08A-1817-C6A3-FDC42FD1B1DB}
		{2B8680A6-85EA-46E2-A25E-0E2727E1075B} = {566E7418-EA21-8A5A-CFE4-60A3623C7BE3}
		{188494D3-CF5D-4C1F-A516-79AEDD44D45D} = {DDB3F52E-15FB-70BC-3429-3F905C64A208}
		{565AD5E1-F4A2-4352-AEBC-E5DE019D8958} = {13D0FA53-4251-E4FF-1EF4-05FAC39CCF7C}
		{54921D6E-EC88-4421-A0B7-51BFBA948DCF} = {13D0FA53-4251-E4FF-1EF4-05FAC39CCF7C}
		{EEF1E28A-9486-4910-A2DE-311CBAD022EA} = {94E9CD7F-33A0-4B79-816B-87CFE6A2F286}
		{A5485C5C-E2EF-4DF6-8224-6C46DCE42009} = {B90531A5-4112-6FC0-071C-BF564230631F}
		{2F4CD6F1-110C-4523-876F-6DF61A80E48E} = {B739A8CF-14C7-55F0-E86D-50F8A8094C76}
		{436C1345-4627-42AA-88FB-0D676FD3DAC8} = {B739A8CF-14C7-55F0-E86D-50F8A8094C76}
		{62AAA98C-C39D-457D-ACC5-504EE43CE2C7} = {36AC66E5-DE3D-F513-7ECA-489A63869F1A}
		{00E5610B-A92A-4302-B849-A7ED630D0620} = {DEF2F7B7-444B-21C9-19C8-EF8B9D4FE417}
	EndGlobalSection
EndGlobal
