<Solution>
  <Folder Name="/samples/" />
  <Folder Name="/samples/02-architecture-styles/" />
  <Folder Name="/samples/02-architecture-styles/cqrs/">
    <Project Path="samples/02-architecture-styles/cqrs/Samples.Architecture.Cqrs.csproj" />
    <Project Path="samples/02-architecture-styles/cqrs/Samples.Architecture.Cqrs.Violations.csproj" />
  </Folder>
</Solution>
