<Solution>
  <Folder Name="/samples/" />
  <Folder Name="/samples/02-architecture-styles/" />
  <Folder Name="/samples/02-architecture-styles/onion-simplified/">
    <Project Path="samples/02-architecture-styles/onion-simplified/Samples.Architecture.OnionSimplified.csproj" />
    <Project Path="samples/02-architecture-styles/onion-simplified/Samples.Architecture.OnionSimplified.Violations.csproj" />
    <Project Path="samples/02-architecture-styles/onion-simplified/Samples.Architecture.OnionSimplified.CrossStyle.csproj" />
  </Folder>
</Solution>
