<Solution>
  <Folder Name="/samples/" />
  <Folder Name="/samples/02-architecture-styles/" />
  <Folder Name="/samples/02-architecture-styles/onion-classic/">
    <Project Path="samples/02-architecture-styles/onion-classic/Samples.Architecture.OnionClassic.csproj" />
    <Project Path="samples/02-architecture-styles/onion-classic/Samples.Architecture.OnionClassic.Violations.csproj" />
  </Folder>
</Solution>
