
Microsoft Visual Studio Solution File, Format Version 12.00
# Visual Studio Version 17
VisualStudioVersion = 17.0.31903.59
MinimumVisualStudioVersion = 10.0.40219.1
Project("{2150E333-8FDC-42A3-9474-1A3956D46DE8}") = "samples", "samples", "{5D20AA90-6969-D8BD-9DCD-8634F4692FDA}"
EndProject
Project("{2150E333-8FDC-42A3-9474-1A3956D46DE8}") = "01-ddd-core", "01-ddd-core", "{B3692EAE-E7F1-F3ED-0681-0942E8AC56AB}"
EndProject
Project("{FAE04EC0-301F-11D3-BF4B-00C04F79EFBC}") = "Samples.Block01.DddCore", "samples\01-ddd-core\Samples.Block01.DddCore.csproj", "{B24FEB18-8670-4C61-9498-6647984CFCC1}"
EndProject
Project("{FAE04EC0-301F-11D3-BF4B-00C04F79EFBC}") = "nMolecules.DDD", "..\nmolecules\src\nMolecules.DDD\nMolecules.DDD.csproj", "{DA532BBF-DB78-4D6A-93B6-E4E72F20E436}"
EndProject
Project("{2150E333-8FDC-42A3-9474-1A3956D46DE8}") = "02-architecture-styles", "02-architecture-styles", "{5B23A82A-F846-6E2A-8C37-EFDF6B4F759C}"
EndProject
Project("{2150E333-8FDC-42A3-9474-1A3956D46DE8}") = "cqrs", "cqrs", "{5D5985E9-A08A-1817-C6A3-FDC42FD1B1DB}"
EndProject
Project("{FAE04EC0-301F-11D3-BF4B-00C04F79EFBC}") = "Samples.Architecture.Cqrs", "samples\02-architecture-styles\cqrs\Samples.Architecture.Cqrs.csproj", "{6D9E1BE7-B9E3-482A-ACFC-02E8F7F80F50}"
EndProject
Project("{FAE04EC0-301F-11D3-BF4B-00C04F79EFBC}") = "nMolecules.Architecture", "..\nmolecules\src\nMolecules.Architecture\nMolecules.Architecture.csproj", "{4CACD34E-8DB8-4F34-9134-070288FF3249}"
EndProject
Project("{2150E333-8FDC-42A3-9474-1A3956D46DE8}") = "event-storming", "event-storming", "{566E7418-EA21-8A5A-CFE4-60A3623C7BE3}"
EndProject
Project("{FAE04EC0-301F-11D3-BF4B-00C04F79EFBC}") = "Samples.Architecture.EventStorming", "samples\02-architecture-styles\event-storming\Samples.Architecture.EventStorming.csproj", "{BC4C45C4-D3B4-4E0D-9DB2-B04E303090F9}"
EndProject
Project("{2150E333-8FDC-42A3-9474-1A3956D46DE8}") = "hexagonal", "hexagonal", "{DDB3F52E-15FB-70BC-3429-3F905C64A208}"
EndProject
Project("{FAE04EC0-301F-11D3-BF4B-00C04F79EFBC}") = "Samples.Architecture.Hexagonal", "samples\02-architecture-styles\hexagonal\Samples.Architecture.Hexagonal.csproj", "{B03A9B22-4A8C-446D-BDA6-7DF9B4A7EFE0}"
EndProject
Project("{2150E333-8FDC-42A3-9474-1A3956D46DE8}") = "layered", "layered", "{13D0FA53-4251-E4FF-1EF4-05FAC39CCF7C}"
EndProject
Project("{FAE04EC0-301F-11D3-BF4B-00C04F79EFBC}") = "Samples.Architecture.Layered", "samples\02-architecture-styles\layered\Samples.Architecture.Layered.csproj", "{8EFD9F63-4A9C-4AAA-9B30-4BDE7617BBA0}"
EndProject
Project("{2150E333-8FDC-42A3-9474-1A3956D46DE8}") = "microservices", "microservices", "{94E9CD7F-33A0-4B79-816B-87CFE6A2F286}"
EndProject
Project("{FAE04EC0-301F-11D3-BF4B-00C04F79EFBC}") = "Samples.Architecture.Microservices", "samples\02-architecture-styles\microservices\Samples.Architecture.Microservices.csproj", "{E9E27A85-B939-4451-B34B-7128DD4A9614}"
EndProject
Project("{2150E333-8FDC-42A3-9474-1A3956D46DE8}") = "mvvm", "mvvm", "{7A97030B-9DB8-DC84-187E-DAEFC29063EA}"
EndProject
Project("{FAE04EC0-301F-11D3-BF4B-00C04F79EFBC}") = "Samples.Architecture.Mvvm", "samples\02-architecture-styles\mvvm\Samples.Architecture.Mvvm.csproj", "{2483FB86-F534-4D0A-A5C2-8AA494357BE6}"
EndProject
Project("{2150E333-8FDC-42A3-9474-1A3956D46DE8}") = "onion-classic", "onion-classic", "{B90531A5-4112-6FC0-071C-BF564230631F}"
EndProject
Project("{FAE04EC0-301F-11D3-BF4B-00C04F79EFBC}") = "Samples.Architecture.OnionClassic", "samples\02-architecture-styles\onion-classic\Samples.Architecture.OnionClassic.csproj", "{69765F11-A54E-4902-B85A-C9A9EB749AB4}"
EndProject
Project("{2150E333-8FDC-42A3-9474-1A3956D46DE8}") = "onion-simplified", "onion-simplified", "{B739A8CF-14C7-55F0-E86D-50F8A8094C76}"
EndProject
Project("{FAE04EC0-301F-11D3-BF4B-00C04F79EFBC}") = "Samples.Architecture.OnionSimplified", "samples\02-architecture-styles\onion-simplified\Samples.Architecture.OnionSimplified.csproj", "{E5B28CFB-F6A5-43CD-8CBC-6D859B145C40}"
EndProject
Project("{2150E333-8FDC-42A3-9474-1A3956D46DE8}") = "03-events", "03-events", "{36AC66E5-DE3D-F513-7ECA-489A63869F1A}"
EndProject
Project("{FAE04EC0-301F-11D3-BF4B-00C04F79EFBC}") = "Samples.Block03.Events", "samples\03-events\Samples.Block03.Events.csproj", "{F6D8D40C-5681-4F33-BD82-3A0D24852CA2}"
EndProject
Project("{FAE04EC0-301F-11D3-BF4B-00C04F79EFBC}") = "nMolecules.Events", "..\nmolecules\src\nMolecules.Events\nMolecules.Events.csproj", "{8C8201F8-8924-4D23-8FF9-8A31B86C6865}"
EndProject
Project("{2150E333-8FDC-42A3-9474-1A3956D46DE8}") = "04-bricks", "04-bricks", "{DEF2F7B7-444B-21C9-19C8-EF8B9D4FE417}"
EndProject
Project("{FAE04EC0-301F-11D3-BF4B-00C04F79EFBC}") = "Samples.Block04.Bricks", "samples\04-bricks\Samples.Block04.Bricks.csproj", "{CE899410-2179-4945-8F7B-1A526417D6B9}"
EndProject
Project("{FAE04EC0-301F-11D3-BF4B-00C04F79EFBC}") = "nMolecules.Bricks", "..\nmolecules\src\nMolecules.Bricks\nMolecules.Bricks.csproj", "{7324632B-AFB2-4ACA-A606-B761AA37DF40}"
EndProject
Project("{2150E333-8FDC-42A3-9474-1A3956D46DE8}") = "05-entity-framework", "05-entity-framework", "{46B3C061-D0D2-005B-2DF6-4DC1C89F25F8}"
EndProject
Project("{FAE04EC0-301F-11D3-BF4B-00C04F79EFBC}") = "Samples.Block05.EntityFramework", "samples\05-entity-framework\Samples.Block05.EntityFramework.csproj", "{96098B8B-4044-41EB-BA96-4DA11ECC447B}"
EndProject
Project("{FAE04EC0-301F-11D3-BF4B-00C04F79EFBC}") = "nMolecules.Persistence.EntityFramework", "..\nmolecules\src\nMolecules.Persistence.EntityFramework\nMolecules.Persistence.EntityFramework.csproj", "{1F079639-0C19-4D1E-9079-6A72A05979CD}"
EndProject
Project("{2150E333-8FDC-42A3-9474-1A3956D46DE8}") = "06-analyzer-workbench", "06-analyzer-workbench", "{D7C758BD-2CCD-9BA1-5798-1E85AA6117DD}"
EndProject
Project("{FAE04EC0-301F-11D3-BF4B-00C04F79EFBC}") = "Samples.Block06.AnalyzerWorkbench", "samples\06-analyzer-workbench\Samples.Block06.AnalyzerWorkbench.csproj", "{20E33352-D837-4790-BF0E-72C4F3C23A79}"
EndProject
Project("{FAE04EC0-301F-11D3-BF4B-00C04F79EFBC}") = "nMolecules.Analyzers", "..\nmolecules-integrations\nmolecules-roslyn\src\nMolecules.Analyzers\nMolecules.Analyzers\nMolecules.Analyzers.csproj", "{05341265-A62A-4E2B-B6D0-6F32F4AD8027}"
EndProject
Project("{2150E333-8FDC-42A3-9474-1A3956D46DE8}") = "07-ddd-from-pdfs", "07-ddd-from-pdfs", "{1C94D553-E324-235F-4007-A0443394E0CD}"
EndProject
Project("{FAE04EC0-301F-11D3-BF4B-00C04F79EFBC}") = "Samples.Block07.DddFromPdfs", "samples\07-ddd-from-pdfs\Samples.Block07.DddFromPdfs.csproj", "{37BB7034-70BF-4D8C-8C93-801F07EAC39F}"
EndProject
Global
	GlobalSection(SolutionConfigurationPlatforms) = preSolution
		Debug|Any CPU = Debug|Any CPU
		Debug|x64 = Debug|x64
		Debug|x86 = Debug|x86
		Release|Any CPU = Release|Any CPU
		Release|x64 = Release|x64
		Release|x86 = Release|x86
	EndGlobalSection
	GlobalSection(ProjectConfigurationPlatforms) = postSolution
		{B24FEB18-8670-4C61-9498-6647984CFCC1}.Debug|Any CPU.ActiveCfg = Debug|Any CPU
		{B24FEB18-8670-4C61-9498-6647984CFCC1}.Debug|Any CPU.Build.0 = Debug|Any CPU
		{B24FEB18-8670-4C61-9498-6647984CFCC1}.Debug|x64.ActiveCfg = Debug|Any CPU
		{B24FEB18-8670-4C61-9498-6647984CFCC1}.Debug|x64.Build.0 = Debug|Any CPU
		{B24FEB18-8670-4C61-9498-6647984CFCC1}.Debug|x86.ActiveCfg = Debug|Any CPU
		{B24FEB18-8670-4C61-9498-6647984CFCC1}.Debug|x86.Build.0 = Debug|Any CPU
		{B24FEB18-8670-4C61-9498-6647984CFCC1}.Release|Any CPU.ActiveCfg = Release|Any CPU
		{B24FEB18-8670-4C61-9498-6647984CFCC1}.Release|Any CPU.Build.0 = Release|Any CPU
		{B24FEB18-8670-4C61-9498-6647984CFCC1}.Release|x64.ActiveCfg = Release|Any CPU
		{B24FEB18-8670-4C61-9498-6647984CFCC1}.Release|x64.Build.0 = Release|Any CPU
		{B24FEB18-8670-4C61-9498-6647984CFCC1}.Release|x86.ActiveCfg = Release|Any CPU
		{B24FEB18-8670-4C61-9498-6647984CFCC1}.Release|x86.Build.0 = Release|Any CPU
		{DA532BBF-DB78-4D6A-93B6-E4E72F20E436}.Debug|Any CPU.ActiveCfg = Debug|Any CPU
		{DA532BBF-DB78-4D6A-93B6-E4E72F20E436}.Debug|Any CPU.Build.0 = Debug|Any CPU
		{DA532BBF-DB78-4D6A-93B6-E4E72F20E436}.Debug|x64.ActiveCfg = Debug|Any CPU
		{DA532BBF-DB78-4D6A-93B6-E4E72F20E436}.Debug|x64.Build.0 = Debug|Any CPU
		{DA532BBF-DB78-4D6A-93B6-E4E72F20E436}.Debug|x86.ActiveCfg = Debug|Any CPU
		{DA532BBF-DB78-4D6A-93B6-E4E72F20E436}.Debug|x86.Build.0 = Debug|Any CPU
		{DA532BBF-DB78-4D6A-93B6-E4E72F20E436}.Release|Any CPU.ActiveCfg = Release|Any CPU
		{DA532BBF-DB78-4D6A-93B6-E4E72F20E436}.Release|Any CPU.Build.0 = Release|Any CPU
		{DA532BBF-DB78-4D6A-93B6-E4E72F20E436}.Release|x64.ActiveCfg = Release|Any CPU
		{DA532BBF-DB78-4D6A-93B6-E4E72F20E436}.Release|x64.Build.0 = Release|Any CPU
		{DA532BBF-DB78-4D6A-93B6-E4E72F20E436}.Release|x86.ActiveCfg = Release|Any CPU
		{DA532BBF-DB78-4D6A-93B6-E4E72F20E436}.Release|x86.Build.0 = Release|Any CPU
		{6D9E1BE7-B9E3-482A-ACFC-02E8F7F80F50}.Debug|Any CPU.ActiveCfg = Debug|Any CPU
		{6D9E1BE7-B9E3-482A-ACFC-02E8F7F80F50}.Debug|Any CPU.Build.0 = Debug|Any CPU
		{6D9E1BE7-B9E3-482A-ACFC-02E8F7F80F50}.Debug|x64.ActiveCfg = Debug|Any CPU
		{6D9E1BE7-B9E3-482A-ACFC-02E8F7F80F50}.Debug|x64.Build.0 = Debug|Any CPU
		{6D9E1BE7-B9E3-482A-ACFC-02E8F7F80F50}.Debug|x86.ActiveCfg = Debug|Any CPU
		{6D9E1BE7-B9E3-482A-ACFC-02E8F7F80F50}.Debug|x86.Build.0 = Debug|Any CPU
		{6D9E1BE7-B9E3-482A-ACFC-02E8F7F80F50}.Release|Any CPU.ActiveCfg = Release|Any CPU
		{6D9E1BE7-B9E3-482A-ACFC-02E8F7F80F50}.Release|Any CPU.Build.0 = Release|Any CPU
		{6D9E1BE7-B9E3-482A-ACFC-02E8F7F80F50}.Release|x64.ActiveCfg = Release|Any CPU
		{6D9E1BE7-B9E3-482A-ACFC-02E8F7F80F50}.Release|x64.Build.0 = Release|Any CPU
		{6D9E1BE7-B9E3-482A-ACFC-02E8F7F80F50}.Release|x86.ActiveCfg = Release|Any CPU
		{6D9E1BE7-B9E3-482A-ACFC-02E8F7F80F50}.Release|x86.Build.0 = Release|Any CPU
		{4CACD34E-8DB8-4F34-9134-070288FF3249}.Debug|Any CPU.ActiveCfg = Debug|Any CPU
		{4CACD34E-8DB8-4F34-9134-070288FF3249}.Debug|Any CPU.Build.0 = Debug|Any CPU
		{4CACD34E-8DB8-4F34-9134-070288FF3249}.Debug|x64.ActiveCfg = Debug|Any CPU
		{4CACD34E-8DB8-4F34-9134-070288FF3249}.Debug|x64.Build.0 = Debug|Any CPU
		{4CACD34E-8DB8-4F34-9134-070288FF3249}.Debug|x86.ActiveCfg = Debug|Any CPU
		{4CACD34E-8DB8-4F34-9134-070288FF3249}.Debug|x86.Build.0 = Debug|Any CPU
		{4CACD34E-8DB8-4F34-9134-070288FF3249}.Release|Any CPU.ActiveCfg = Release|Any CPU
		{4CACD34E-8DB8-4F34-9134-070288FF3249}.Release|Any CPU.Build.0 = Release|Any CPU
		{4CACD34E-8DB8-4F34-9134-070288FF3249}.Release|x64.ActiveCfg = Release|Any CPU
		{4CACD34E-8DB8-4F34-9134-070288FF3249}.Release|x64.Build.0 = Release|Any CPU
		{4CACD34E-8DB8-4F34-9134-070288FF3249}.Release|x86.ActiveCfg = Release|Any CPU
		{4CACD34E-8DB8-4F34-9134-070288FF3249}.Release|x86.Build.0 = Release|Any CPU
		{BC4C45C4-D3B4-4E0D-9DB2-B04E303090F9}.Debug|Any CPU.ActiveCfg = Debug|Any CPU
		{BC4C45C4-D3B4-4E0D-9DB2-B04E303090F9}.Debug|Any CPU.Build.0 = Debug|Any CPU
		{BC4C45C4-D3B4-4E0D-9DB2-B04E303090F9}.Debug|x64.ActiveCfg = Debug|Any CPU
		{BC4C45C4-D3B4-4E0D-9DB2-B04E303090F9}.Debug|x64.Build.0 = Debug|Any CPU
		{BC4C45C4-D3B4-4E0D-9DB2-B04E303090F9}.Debug|x86.ActiveCfg = Debug|Any CPU
		{BC4C45C4-D3B4-4E0D-9DB2-B04E303090F9}.Debug|x86.Build.0 = Debug|Any CPU
		{BC4C45C4-D3B4-4E0D-9DB2-B04E303090F9}.Release|Any CPU.ActiveCfg = Release|Any CPU
		{BC4C45C4-D3B4-4E0D-9DB2-B04E303090F9}.Release|Any CPU.Build.0 = Release|Any CPU
		{BC4C45C4-D3B4-4E0D-9DB2-B04E303090F9}.Release|x64.ActiveCfg = Release|Any CPU
		{BC4C45C4-D3B4-4E0D-9DB2-B04E303090F9}.Release|x64.Build.0 = Release|Any CPU
		{BC4C45C4-D3B4-4E0D-9DB2-B04E303090F9}.Release|x86.ActiveCfg = Release|Any CPU
		{BC4C45C4-D3B4-4E0D-9DB2-B04E303090F9}.Release|x86.Build.0 = Release|Any CPU
		{B03A9B22-4A8C-446D-BDA6-7DF9B4A7EFE0}.Debug|Any CPU.ActiveCfg = Debug|Any CPU
		{B03A9B22-4A8C-446D-BDA6-7DF9B4A7EFE0}.Debug|Any CPU.Build.0 = Debug|Any CPU
		{B03A9B22-4A8C-446D-BDA6-7DF9B4A7EFE0}.Debug|x64.ActiveCfg = Debug|Any CPU
		{B03A9B22-4A8C-446D-BDA6-7DF9B4A7EFE0}.Debug|x64.Build.0 = Debug|Any CPU
		{B03A9B22-4A8C-446D-BDA6-7DF9B4A7EFE0}.Debug|x86.ActiveCfg = Debug|Any CPU
		{B03A9B22-4A8C-446D-BDA6-7DF9B4A7EFE0}.Debug|x86.Build.0 = Debug|Any CPU
		{B03A9B22-4A8C-446D-BDA6-7DF9B4A7EFE0}.Release|Any CPU.ActiveCfg = Release|Any CPU
		{B03A9B22-4A8C-446D-BDA6-7DF9B4A7EFE0}.Release|Any CPU.Build.0 = Release|Any CPU
		{B03A9B22-4A8C-446D-BDA6-7DF9B4A7EFE0}.Release|x64.ActiveCfg = Release|Any CPU
		{B03A9B22-4A8C-446D-BDA6-7DF9B4A7EFE0}.Release|x64.Build.0 = Release|Any CPU
		{B03A9B22-4A8C-446D-BDA6-7DF9B4A7EFE0}.Release|x86.ActiveCfg = Release|Any CPU
		{B03A9B22-4A8C-446D-BDA6-7DF9B4A7EFE0}.Release|x86.Build.0 = Release|Any CPU
		{8EFD9F63-4A9C-4AAA-9B30-4BDE7617BBA0}.Debug|Any CPU.ActiveCfg = Debug|Any CPU
		{8EFD9F63-4A9C-4AAA-9B30-4BDE7617BBA0}.Debug|Any CPU.Build.0 = Debug|Any CPU
		{8EFD9F63-4A9C-4AAA-9B30-4BDE7617BBA0}.Debug|x64.ActiveCfg = Debug|Any CPU
		{8EFD9F63-4A9C-4AAA-9B30-4BDE7617BBA0}.Debug|x64.Build.0 = Debug|Any CPU
		{8EFD9F63-4A9C-4AAA-9B30-4BDE7617BBA0}.Debug|x86.ActiveCfg = Debug|Any CPU
		{8EFD9F63-4A9C-4AAA-9B30-4BDE7617BBA0}.Debug|x86.Build.0 = Debug|Any CPU
		{8EFD9F63-4A9C-4AAA-9B30-4BDE7617BBA0}.Release|Any CPU.ActiveCfg = Release|Any CPU
		{8EFD9F63-4A9C-4AAA-9B30-4BDE7617BBA0}.Release|Any CPU.Build.0 = Release|Any CPU
		{8EFD9F63-4A9C-4AAA-9B30-4BDE7617BBA0}.Release|x64.ActiveCfg = Release|Any CPU
		{8EFD9F63-4A9C-4AAA-9B30-4BDE7617BBA0}.Release|x64.Build.0 = Release|Any CPU
		{8EFD9F63-4A9C-4AAA-9B30-4BDE7617BBA0}.Release|x86.ActiveCfg = Release|Any CPU
		{8EFD9F63-4A9C-4AAA-9B30-4BDE7617BBA0}.Release|x86.Build.0 = Release|Any CPU
		{E9E27A85-B939-4451-B34B-7128DD4A9614}.Debug|Any CPU.ActiveCfg = Debug|Any CPU
		{E9E27A85-B939-4451-B34B-7128DD4A9614}.Debug|Any CPU.Build.0 = Debug|Any CPU
		{E9E27A85-B939-4451-B34B-7128DD4A9614}.Debug|x64.ActiveCfg = Debug|Any CPU
		{E9E27A85-B939-4451-B34B-7128DD4A9614}.Debug|x64.Build.0 = Debug|Any CPU
		{E9E27A85-B939-4451-B34B-7128DD4A9614}.Debug|x86.ActiveCfg = Debug|Any CPU
		{E9E27A85-B939-4451-B34B-7128DD4A9614}.Debug|x86.Build.0 = Debug|Any CPU
		{E9E27A85-B939-4451-B34B-7128DD4A9614}.Release|Any CPU.ActiveCfg = Release|Any CPU
		{E9E27A85-B939-4451-B34B-7128DD4A9614}.Release|Any CPU.Build.0 = Release|Any CPU
		{E9E27A85-B939-4451-B34B-7128DD4A9614}.Release|x64.ActiveCfg = Release|Any CPU
		{E9E27A85-B939-4451-B34B-7128DD4A9614}.Release|x64.Build.0 = Release|Any CPU
		{E9E27A85-B939-4451-B34B-7128DD4A9614}.Release|x86.ActiveCfg = Release|Any CPU
		{E9E27A85-B939-4451-B34B-7128DD4A9614}.Release|x86.Build.0 = Release|Any CPU
		{2483FB86-F534-4D0A-A5C2-8AA494357BE6}.Debug|Any CPU.ActiveCfg = Debug|Any CPU
		{2483FB86-F534-4D0A-A5C2-8AA494357BE6}.Debug|Any CPU.Build.0 = Debug|Any CPU
		{2483FB86-F534-4D0A-A5C2-8AA494357BE6}.Debug|x64.ActiveCfg = Debug|Any CPU
		{2483FB86-F534-4D0A-A5C2-8AA494357BE6}.Debug|x64.Build.0 = Debug|Any CPU
		{2483FB86-F534-4D0A-A5C2-8AA494357BE6}.Debug|x86.ActiveCfg = Debug|Any CPU
		{2483FB86-F534-4D0A-A5C2-8AA494357BE6}.Debug|x86.Build.0 = Debug|Any CPU
		{2483FB86-F534-4D0A-A5C2-8AA494357BE6}.Release|Any CPU.ActiveCfg = Release|Any CPU
		{2483FB86-F534-4D0A-A5C2-8AA494357BE6}.Release|Any CPU.Build.0 = Release|Any CPU
		{2483FB86-F534-4D0A-A5C2-8AA494357BE6}.Release|x64.ActiveCfg = Release|Any CPU
		{2483FB86-F534-4D0A-A5C2-8AA494357BE6}.Release|x64.Build.0 = Release|Any CPU
		{2483FB86-F534-4D0A-A5C2-8AA494357BE6}.Release|x86.ActiveCfg = Release|Any CPU
		{2483FB86-F534-4D0A-A5C2-8AA494357BE6}.Release|x86.Build.0 = Release|Any CPU
		{69765F11-A54E-4902-B85A-C9A9EB749AB4}.Debug|Any CPU.ActiveCfg = Debug|Any CPU
		{69765F11-A54E-4902-B85A-C9A9EB749AB4}.Debug|Any CPU.Build.0 = Debug|Any CPU
		{69765F11-A54E-4902-B85A-C9A9EB749AB4}.Debug|x64.ActiveCfg = Debug|Any CPU
		{69765F11-A54E-4902-B85A-C9A9EB749AB4}.Debug|x64.Build.0 = Debug|Any CPU
		{69765F11-A54E-4902-B85A-C9A9EB749AB4}.Debug|x86.ActiveCfg = Debug|Any CPU
		{69765F11-A54E-4902-B85A-C9A9EB749AB4}.Debug|x86.Build.0 = Debug|Any CPU
		{69765F11-A54E-4902-B85A-C9A9EB749AB4}.Release|Any CPU.ActiveCfg = Release|Any CPU
		{69765F11-A54E-4902-B85A-C9A9EB749AB4}.Release|Any CPU.Build.0 = Release|Any CPU
		{69765F11-A54E-4902-B85A-C9A9EB749AB4}.Release|x64.ActiveCfg = Release|Any CPU
		{69765F11-A54E-4902-B85A-C9A9EB749AB4}.Release|x64.Build.0 = Release|Any CPU
		{69765F11-A54E-4902-B85A-C9A9EB749AB4}.Release|x86.ActiveCfg = Release|Any CPU
		{69765F11-A54E-4902-B85A-C9A9EB749AB4}.Release|x86.Build.0 = Release|Any CPU
		{E5B28CFB-F6A5-43CD-8CBC-6D859B145C40}.Debug|Any CPU.ActiveCfg = Debug|Any CPU
		{E5B28CFB-F6A5-43CD-8CBC-6D859B145C40}.Debug|Any CPU.Build.0 = Debug|Any CPU
		{E5B28CFB-F6A5-43CD-8CBC-6D859B145C40}.Debug|x64.ActiveCfg = Debug|Any CPU
		{E5B28CFB-F6A5-43CD-8CBC-6D859B145C40}.Debug|x64.Build.0 = Debug|Any CPU
		{E5B28CFB-F6A5-43CD-8CBC-6D859B145C40}.Debug|x86.ActiveCfg = Debug|Any CPU
		{E5B28CFB-F6A5-43CD-8CBC-6D859B145C40}.Debug|x86.Build.0 = Debug|Any CPU
		{E5B28CFB-F6A5-43CD-8CBC-6D859B145C40}.Release|Any CPU.ActiveCfg = Release|Any CPU
		{E5B28CFB-F6A5-43CD-8CBC-6D859B145C40}.Release|Any CPU.Build.0 = Release|Any CPU
		{E5B28CFB-F6A5-43CD-8CBC-6D859B145C40}.Release|x64.ActiveCfg = Release|Any CPU
		{E5B28CFB-F6A5-43CD-8CBC-6D859B145C40}.Release|x64.Build.0 = Release|Any CPU
		{E5B28CFB-F6A5-43CD-8CBC-6D859B145C40}.Release|x86.ActiveCfg = Release|Any CPU
		{E5B28CFB-F6A5-43CD-8CBC-6D859B145C40}.Release|x86.Build.0 = Release|Any CPU
		{F6D8D40C-5681-4F33-BD82-3A0D24852CA2}.Debug|Any CPU.ActiveCfg = Debug|Any CPU
		{F6D8D40C-5681-4F33-BD82-3A0D24852CA2}.Debug|Any CPU.Build.0 = Debug|Any CPU
		{F6D8D40C-5681-4F33-BD82-3A0D24852CA2}.Debug|x64.ActiveCfg = Debug|Any CPU
		{F6D8D40C-5681-4F33-BD82-3A0D24852CA2}.Debug|x64.Build.0 = Debug|Any CPU
		{F6D8D40C-5681-4F33-BD82-3A0D24852CA2}.Debug|x86.ActiveCfg = Debug|Any CPU
		{F6D8D40C-5681-4F33-BD82-3A0D24852CA2}.Debug|x86.Build.0 = Debug|Any CPU
		{F6D8D40C-5681-4F33-BD82-3A0D24852CA2}.Release|Any CPU.ActiveCfg = Release|Any CPU
		{F6D8D40C-5681-4F33-BD82-3A0D24852CA2}.Release|Any CPU.Build.0 = Release|Any CPU
		{F6D8D40C-5681-4F33-BD82-3A0D24852CA2}.Release|x64.ActiveCfg = Release|Any CPU
		{F6D8D40C-5681-4F33-BD82-3A0D24852CA2}.Release|x64.Build.0 = Release|Any CPU
		{F6D8D40C-5681-4F33-BD82-3A0D24852CA2}.Release|x86.ActiveCfg = Release|Any CPU
		{F6D8D40C-5681-4F33-BD82-3A0D24852CA2}.Release|x86.Build.0 = Release|Any CPU
		{8C8201F8-8924-4D23-8FF9-8A31B86C6865}.Debug|Any CPU.ActiveCfg = Debug|Any CPU
		{8C8201F8-8924-4D23-8FF9-8A31B86C6865}.Debug|Any CPU.Build.0 = Debug|Any CPU
		{8C8201F8-8924-4D23-8FF9-8A31B86C6865}.Debug|x64.ActiveCfg = Debug|Any CPU
		{8C8201F8-8924-4D23-8FF9-8A31B86C6865}.Debug|x64.Build.0 = Debug|Any CPU
		{8C8201F8-8924-4D23-8FF9-8A31B86C6865}.Debug|x86.ActiveCfg = Debug|Any CPU
		{8C8201F8-8924-4D23-8FF9-8A31B86C6865}.Debug|x86.Build.0 = Debug|Any CPU
		{8C8201F8-8924-4D23-8FF9-8A31B86C6865}.Release|Any CPU.ActiveCfg = Release|Any CPU
		{8C8201F8-8924-4D23-8FF9-8A31B86C6865}.Release|Any CPU.Build.0 = Release|Any CPU
		{8C8201F8-8924-4D23-8FF9-8A31B86C6865}.Release|x64.ActiveCfg = Release|Any CPU
		{8C8201F8-8924-4D23-8FF9-8A31B86C6865}.Release|x64.Build.0 = Release|Any CPU
		{8C8201F8-8924-4D23-8FF9-8A31B86C6865}.Release|x86.ActiveCfg = Release|Any CPU
		{8C8201F8-8924-4D23-8FF9-8A31B86C6865}.Release|x86.Build.0 = Release|Any CPU
		{CE899410-2179-4945-8F7B-1A526417D6B9}.Debug|Any CPU.ActiveCfg = Debug|Any CPU
		{CE899410-2179-4945-8F7B-1A526417D6B9}.Debug|Any CPU.Build.0 = Debug|Any CPU
		{CE899410-2179-4945-8F7B-1A526417D6B9}.Debug|x64.ActiveCfg = Debug|Any CPU
		{CE899410-2179-4945-8F7B-1A526417D6B9}.Debug|x64.Build.0 = Debug|Any CPU
		{CE899410-2179-4945-8F7B-1A526417D6B9}.Debug|x86.ActiveCfg = Debug|Any CPU
		{CE899410-2179-4945-8F7B-1A526417D6B9}.Debug|x86.Build.0 = Debug|Any CPU
		{CE899410-2179-4945-8F7B-1A526417D6B9}.Release|Any CPU.ActiveCfg = Release|Any CPU
		{CE899410-2179-4945-8F7B-1A526417D6B9}.Release|Any CPU.Build.0 = Release|Any CPU
		{CE899410-2179-4945-8F7B-1A526417D6B9}.Release|x64.ActiveCfg = Release|Any CPU
		{CE899410-2179-4945-8F7B-1A526417D6B9}.Release|x64.Build.0 = Release|Any CPU
		{CE899410-2179-4945-8F7B-1A526417D6B9}.Release|x86.ActiveCfg = Release|Any CPU
		{CE899410-2179-4945-8F7B-1A526417D6B9}.Release|x86.Build.0 = Release|Any CPU
		{7324632B-AFB2-4ACA-A606-B761AA37DF40}.Debug|Any CPU.ActiveCfg = Debug|Any CPU
		{7324632B-AFB2-4ACA-A606-B761AA37DF40}.Debug|Any CPU.Build.0 = Debug|Any CPU
		{7324632B-AFB2-4ACA-A606-B761AA37DF40}.Debug|x64.ActiveCfg = Debug|Any CPU
		{7324632B-AFB2-4ACA-A606-B761AA37DF40}.Debug|x64.Build.0 = Debug|Any CPU
		{7324632B-AFB2-4ACA-A606-B761AA37DF40}.Debug|x86.ActiveCfg = Debug|Any CPU
		{7324632B-AFB2-4ACA-A606-B761AA37DF40}.Debug|x86.Build.0 = Debug|Any CPU
		{7324632B-AFB2-4ACA-A606-B761AA37DF40}.Release|Any CPU.ActiveCfg = Release|Any CPU
		{7324632B-AFB2-4ACA-A606-B761AA37DF40}.Release|Any CPU.Build.0 = Release|Any CPU
		{7324632B-AFB2-4ACA-A606-B761AA37DF40}.Release|x64.ActiveCfg = Release|Any CPU
		{7324632B-AFB2-4ACA-A606-B761AA37DF40}.Release|x64.Build.0 = Release|Any CPU
		{7324632B-AFB2-4ACA-A606-B761AA37DF40}.Release|x86.ActiveCfg = Release|Any CPU
		{7324632B-AFB2-4ACA-A606-B761AA37DF40}.Release|x86.Build.0 = Release|Any CPU
		{96098B8B-4044-41EB-BA96-4DA11ECC447B}.Debug|Any CPU.ActiveCfg = Debug|Any CPU
		{96098B8B-4044-41EB-BA96-4DA11ECC447B}.Debug|Any CPU.Build.0 = Debug|Any CPU
		{96098B8B-4044-41EB-BA96-4DA11ECC447B}.Debug|x64.ActiveCfg = Debug|Any CPU
		{96098B8B-4044-41EB-BA96-4DA11ECC447B}.Debug|x64.Build.0 = Debug|Any CPU
		{96098B8B-4044-41EB-BA96-4DA11ECC447B}.Debug|x86.ActiveCfg = Debug|Any CPU
		{96098B8B-4044-41EB-BA96-4DA11ECC447B}.Debug|x86.Build.0 = Debug|Any CPU
		{96098B8B-4044-41EB-BA96-4DA11ECC447B}.Release|Any CPU.ActiveCfg = Release|Any CPU
		{96098B8B-4044-41EB-BA96-4DA11ECC447B}.Release|Any CPU.Build.0 = Release|Any CPU
		{96098B8B-4044-41EB-BA96-4DA11ECC447B}.Release|x64.ActiveCfg = Release|Any CPU
		{96098B8B-4044-41EB-BA96-4DA11ECC447B}.Release|x64.Build.0 = Release|Any CPU
		{96098B8B-4044-41EB-BA96-4DA11ECC447B}.Release|x86.ActiveCfg = Release|Any CPU
		{96098B8B-4044-41EB-BA96-4DA11ECC447B}.Release|x86.Build.0 = Release|Any CPU
		{1F079639-0C19-4D1E-9079-6A72A05979CD}.Debug|Any CPU.ActiveCfg = Debug|Any CPU
		{1F079639-0C19-4D1E-9079-6A72A05979CD}.Debug|Any CPU.Build.0 = Debug|Any CPU
		{1F079639-0C19-4D1E-9079-6A72A05979CD}.Debug|x64.ActiveCfg = Debug|Any CPU
		{1F079639-0C19-4D1E-9079-6A72A05979CD}.Debug|x64.Build.0 = Debug|Any CPU
		{1F079639-0C19-4D1E-9079-6A72A05979CD}.Debug|x86.ActiveCfg = Debug|Any CPU
		{1F079639-0C19-4D1E-9079-6A72A05979CD}.Debug|x86.Build.0 = Debug|Any CPU
		{1F079639-0C19-4D1E-9079-6A72A05979CD}.Release|Any CPU.ActiveCfg = Release|Any CPU
		{1F079639-0C19-4D1E-9079-6A72A05979CD}.Release|Any CPU.Build.0 = Release|Any CPU
		{1F079639-0C19-4D1E-9079-6A72A05979CD}.Release|x64.ActiveCfg = Release|Any CPU
		{1F079639-0C19-4D1E-9079-6A72A05979CD}.Release|x64.Build.0 = Release|Any CPU
		{1F079639-0C19-4D1E-9079-6A72A05979CD}.Release|x86.ActiveCfg = Release|Any CPU
		{1F079639-0C19-4D1E-9079-6A72A05979CD}.Release|x86.Build.0 = Release|Any CPU
		{20E33352-D837-4790-BF0E-72C4F3C23A79}.Debug|Any CPU.ActiveCfg = Debug|Any CPU
		{20E33352-D837-4790-BF0E-72C4F3C23A79}.Debug|Any CPU.Build.0 = Debug|Any CPU
		{20E33352-D837-4790-BF0E-72C4F3C23A79}.Debug|x64.ActiveCfg = Debug|Any CPU
		{20E33352-D837-4790-BF0E-72C4F3C23A79}.Debug|x64.Build.0 = Debug|Any CPU
		{20E33352-D837-4790-BF0E-72C4F3C23A79}.Debug|x86.ActiveCfg = Debug|Any CPU
		{20E33352-D837-4790-BF0E-72C4F3C23A79}.Debug|x86.Build.0 = Debug|Any CPU
		{20E33352-D837-4790-BF0E-72C4F3C23A79}.Release|Any CPU.ActiveCfg = Release|Any CPU
		{20E33352-D837-4790-BF0E-72C4F3C23A79}.Release|Any CPU.Build.0 = Release|Any CPU
		{20E33352-D837-4790-BF0E-72C4F3C23A79}.Release|x64.ActiveCfg = Release|Any CPU
		{20E33352-D837-4790-BF0E-72C4F3C23A79}.Release|x64.Build.0 = Release|Any CPU
		{20E33352-D837-4790-BF0E-72C4F3C23A79}.Release|x86.ActiveCfg = Release|Any CPU
		{20E33352-D837-4790-BF0E-72C4F3C23A79}.Release|x86.Build.0 = Release|Any CPU
		{05341265-A62A-4E2B-B6D0-6F32F4AD8027}.Debug|Any CPU.ActiveCfg = Debug|Any CPU
		{05341265-A62A-4E2B-B6D0-6F32F4AD8027}.Debug|Any CPU.Build.0 = Debug|Any CPU
		{05341265-A62A-4E2B-B6D0-6F32F4AD8027}.Debug|x64.ActiveCfg = Debug|Any CPU
		{05341265-A62A-4E2B-B6D0-6F32F4AD8027}.Debug|x64.Build.0 = Debug|Any CPU
		{05341265-A62A-4E2B-B6D0-6F32F4AD8027}.Debug|x86.ActiveCfg = Debug|Any CPU
		{05341265-A62A-4E2B-B6D0-6F32F4AD8027}.Debug|x86.Build.0 = Debug|Any CPU
		{05341265-A62A-4E2B-B6D0-6F32F4AD8027}.Release|Any CPU.ActiveCfg = Release|Any CPU
		{05341265-A62A-4E2B-B6D0-6F32F4AD8027}.Release|Any CPU.Build.0 = Release|Any CPU
		{05341265-A62A-4E2B-B6D0-6F32F4AD8027}.Release|x64.ActiveCfg = Release|Any CPU
		{05341265-A62A-4E2B-B6D0-6F32F4AD8027}.Release|x64.Build.0 = Release|Any CPU
		{05341265-A62A-4E2B-B6D0-6F32F4AD8027}.Release|x86.ActiveCfg = Release|Any CPU
		{05341265-A62A-4E2B-B6D0-6F32F4AD8027}.Release|x86.Build.0 = Release|Any CPU
		{37BB7034-70BF-4D8C-8C93-801F07EAC39F}.Debug|Any CPU.ActiveCfg = Debug|Any CPU
		{37BB7034-70BF-4D8C-8C93-801F07EAC39F}.Debug|Any CPU.Build.0 = Debug|Any CPU
		{37BB7034-70BF-4D8C-8C93-801F07EAC39F}.Debug|x64.ActiveCfg = Debug|Any CPU
		{37BB7034-70BF-4D8C-8C93-801F07EAC39F}.Debug|x64.Build.0 = Debug|Any CPU
		{37BB7034-70BF-4D8C-8C93-801F07EAC39F}.Debug|x86.ActiveCfg = Debug|Any CPU
		{37BB7034-70BF-4D8C-8C93-801F07EAC39F}.Debug|x86.Build.0 = Debug|Any CPU
		{37BB7034-70BF-4D8C-8C93-801F07EAC39F}.Release|Any CPU.ActiveCfg = Release|Any CPU
		{37BB7034-70BF-4D8C-8C93-801F07EAC39F}.Release|Any CPU.Build.0 = Release|Any CPU
		{37BB7034-70BF-4D8C-8C93-801F07EAC39F}.Release|x64.ActiveCfg = Release|Any CPU
		{37BB7034-70BF-4D8C-8C93-801F07EAC39F}.Release|x64.Build.0 = Release|Any CPU
		{37BB7034-70BF-4D8C-8C93-801F07EAC39F}.Release|x86.ActiveCfg = Release|Any CPU
		{37BB7034-70BF-4D8C-8C93-801F07EAC39F}.Release|x86.Build.0 = Release|Any CPU
	EndGlobalSection
	GlobalSection(SolutionProperties) = preSolution
		HideSolutionNode = FALSE
	EndGlobalSection
	GlobalSection(NestedProjects) = preSolution
		{B3692EAE-E7F1-F3ED-0681-0942E8AC56AB} = {5D20AA90-6969-D8BD-9DCD-8634F4692FDA}
		{B24FEB18-8670-4C61-9498-6647984CFCC1} = {B3692EAE-E7F1-F3ED-0681-0942E8AC56AB}
		{5B23A82A-F846-6E2A-8C37-EFDF6B4F759C} = {5D20AA90-6969-D8BD-9DCD-8634F4692FDA}
		{5D5985E9-A08A-1817-C6A3-FDC42FD1B1DB} = {5B23A82A-F846-6E2A-8C37-EFDF6B4F759C}
		{6D9E1BE7-B9E3-482A-ACFC-02E8F7F80F50} = {5D5985E9-A08A-1817-C6A3-FDC42FD1B1DB}
		{566E7418-EA21-8A5A-CFE4-60A3623C7BE3} = {5B23A82A-F846-6E2A-8C37-EFDF6B4F759C}
		{BC4C45C4-D3B4-4E0D-9DB2-B04E303090F9} = {566E7418-EA21-8A5A-CFE4-60A3623C7BE3}
		{DDB3F52E-15FB-70BC-3429-3F905C64A208} = {5B23A82A-F846-6E2A-8C37-EFDF6B4F759C}
		{B03A9B22-4A8C-446D-BDA6-7DF9B4A7EFE0} = {DDB3F52E-15FB-70BC-3429-3F905C64A208}
		{13D0FA53-4251-E4FF-1EF4-05FAC39CCF7C} = {5B23A82A-F846-6E2A-8C37-EFDF6B4F759C}
		{8EFD9F63-4A9C-4AAA-9B30-4BDE7617BBA0} = {13D0FA53-4251-E4FF-1EF4-05FAC39CCF7C}
		{94E9CD7F-33A0-4B79-816B-87CFE6A2F286} = {5B23A82A-F846-6E2A-8C37-EFDF6B4F759C}
		{E9E27A85-B939-4451-B34B-7128DD4A9614} = {94E9CD7F-33A0-4B79-816B-87CFE6A2F286}
		{7A97030B-9DB8-DC84-187E-DAEFC29063EA} = {5B23A82A-F846-6E2A-8C37-EFDF6B4F759C}
		{2483FB86-F534-4D0A-A5C2-8AA494357BE6} = {7A97030B-9DB8-DC84-187E-DAEFC29063EA}
		{B90531A5-4112-6FC0-071C-BF564230631F} = {5B23A82A-F846-6E2A-8C37-EFDF6B4F759C}
		{69765F11-A54E-4902-B85A-C9A9EB749AB4} = {B90531A5-4112-6FC0-071C-BF564230631F}
		{B739A8CF-14C7-55F0-E86D-50F8A8094C76} = {5B23A82A-F846-6E2A-8C37-EFDF6B4F759C}
		{E5B28CFB-F6A5-43CD-8CBC-6D859B145C40} = {B739A8CF-14C7-55F0-E86D-50F8A8094C76}
		{36AC66E5-DE3D-F513-7ECA-489A63869F1A} = {5D20AA90-6969-D8BD-9DCD-8634F4692FDA}
		{F6D8D40C-5681-4F33-BD82-3A0D24852CA2} = {36AC66E5-DE3D-F513-7ECA-489A63869F1A}
		{DEF2F7B7-444B-21C9-19C8-EF8B9D4FE417} = {5D20AA90-6969-D8BD-9DCD-8634F4692FDA}
		{CE899410-2179-4945-8F7B-1A526417D6B9} = {DEF2F7B7-444B-21C9-19C8-EF8B9D4FE417}
		{46B3C061-D0D2-005B-2DF6-4DC1C89F25F8} = {5D20AA90-6969-D8BD-9DCD-8634F4692FDA}
		{96098B8B-4044-41EB-BA96-4DA11ECC447B} = {46B3C061-D0D2-005B-2DF6-4DC1C89F25F8}
		{D7C758BD-2CCD-9BA1-5798-1E85AA6117DD} = {5D20AA90-6969-D8BD-9DCD-8634F4692FDA}
		{20E33352-D837-4790-BF0E-72C4F3C23A79} = {D7C758BD-2CCD-9BA1-5798-1E85AA6117DD}
		{1C94D553-E324-235F-4007-A0443394E0CD} = {5D20AA90-6969-D8BD-9DCD-8634F4692FDA}
		{37BB7034-70BF-4D8C-8C93-801F07EAC39F} = {1C94D553-E324-235F-4007-A0443394E0CD}
	EndGlobalSection
EndGlobal
