<Solution>
  <Folder Name="/samples/" />
  <Folder Name="/samples/02-architecture-styles/" />
  <Folder Name="/samples/02-architecture-styles/onion-simplified/">
    <Project Path="samples/02-architecture-styles/onion-simplified/Samples.Architecture.OnionSimplified.csproj" />
  </Folder>
  <Project Path="../nmolecules/src/nMolecules.Architecture/nMolecules.Architecture.csproj" />
</Solution>
