<Solution>
  <Folder Name="/samples/" />
  <Folder Name="/samples/02-architecture-styles/" />
  <Folder Name="/samples/02-architecture-styles/hexagonal/">
    <Project Path="samples/02-architecture-styles/hexagonal/Samples.Architecture.Hexagonal.csproj" />
  </Folder>
  <Project Path="../nmolecules/src/nMolecules.Architecture/nMolecules.Architecture.csproj" />
</Solution>
